// !$*UTF8*$!
{
	archiveVersion = 1;
	classes = {
	};
	objectVersion = 46;
	objects = {

/* Begin PBXBuildFile section */
		00721024CCEF82CF956BA0E8 /* libPods-shpeucfapp-tvOS.a in Frameworks */ = {isa = PBXBuildFile; fileRef = C802C8823F8BF819B7FD53FB /* libPods-shpeucfapp-tvOS.a */; };
		00E356F31AD99517003FC87E /* shpeucfappTests.m in Sources */ = {isa = PBXBuildFile; fileRef = 00E356F21AD99517003FC87E /* shpeucfappTests.m */; };
		13B07FBC1A68108700A75B9A /* AppDelegate.m in Sources */ = {isa = PBXBuildFile; fileRef = 13B07FB01A68108700A75B9A /* AppDelegate.m */; };
		13B07FBF1A68108700A75B9A /* Images.xcassets in Resources */ = {isa = PBXBuildFile; fileRef = 13B07FB51A68108700A75B9A /* Images.xcassets */; };
		13B07FC11A68108700A75B9A /* main.m in Sources */ = {isa = PBXBuildFile; fileRef = 13B07FB71A68108700A75B9A /* main.m */; };
		2D02E4BC1E0B4A80006451C7 /* AppDelegate.m in Sources */ = {isa = PBXBuildFile; fileRef = 13B07FB01A68108700A75B9A /* AppDelegate.m */; };
		2D02E4BD1E0B4A84006451C7 /* Images.xcassets in Resources */ = {isa = PBXBuildFile; fileRef = 13B07FB51A68108700A75B9A /* Images.xcassets */; };
		2D02E4BF1E0B4AB3006451C7 /* main.m in Sources */ = {isa = PBXBuildFile; fileRef = 13B07FB71A68108700A75B9A /* main.m */; };
		2DCD954D1E0B4F2C00145EB5 /* shpeucfappTests.m in Sources */ = {isa = PBXBuildFile; fileRef = 00E356F21AD99517003FC87E /* shpeucfappTests.m */; };
		35D43C1FE8ABC58A983B4CBB /* libPods-shpeucfapp-shpeucfappTests.a in Frameworks */ = {isa = PBXBuildFile; fileRef = CFE7D6DD01A99F9FCF8EC96A /* libPods-shpeucfapp-shpeucfappTests.a */; };
		81AB9BB82411601600AC10FF /* LaunchScreen.storyboard in Resources */ = {isa = PBXBuildFile; fileRef = 81AB9BB72411601600AC10FF /* LaunchScreen.storyboard */; };
		AFED4B26B335A44641B673FC /* libPods-shpeucfapp-tvOSTests.a in Frameworks */ = {isa = PBXBuildFile; fileRef = DB106D0EAEAB42BC39C24E9E /* libPods-shpeucfapp-tvOSTests.a */; };
		BCCB37A25C9BEB5D5F63CD98 /* libPods-shpeucfapp.a in Frameworks */ = {isa = PBXBuildFile; fileRef = EAFB55A932FE8DD605C2D531 /* libPods-shpeucfapp.a */; };
		6D63DF4BDF6A42B89C047186 /* AntDesign.ttf in Resources */ = {isa = PBXBuildFile; fileRef = 48CC75C7A3BE46F2B026EC29 /* AntDesign.ttf */; };
		AE71939A754D432887AA8863 /* Entypo.ttf in Resources */ = {isa = PBXBuildFile; fileRef = 08F650C739FA4AF4803C50FC /* Entypo.ttf */; };
		25B4C2EB7A54457BBDC20878 /* EvilIcons.ttf in Resources */ = {isa = PBXBuildFile; fileRef = DAE245F26B2B421E8D305345 /* EvilIcons.ttf */; };
		32B2C8A3646A49329E6C265C /* Feather.ttf in Resources */ = {isa = PBXBuildFile; fileRef = C0889B128D124CE1A33954F9 /* Feather.ttf */; };
		8AB830A6CE284DC681B428BD /* FontAwesome.ttf in Resources */ = {isa = PBXBuildFile; fileRef = D187BE254A074E3094F78358 /* FontAwesome.ttf */; };
		EFE41CE8A90049EBAAF1AF9A /* FontAwesome5_Brands.ttf in Resources */ = {isa = PBXBuildFile; fileRef = 3F3CE5D9841D4B3FB1BA9258 /* FontAwesome5_Brands.ttf */; };
		AF513A09C183402387B5A837 /* FontAwesome5_Regular.ttf in Resources */ = {isa = PBXBuildFile; fileRef = C0DAE65E7CF84E16ADD611CF /* FontAwesome5_Regular.ttf */; };
		2F2A34AF632E432FB837DF0A /* FontAwesome5_Solid.ttf in Resources */ = {isa = PBXBuildFile; fileRef = 4212861B991541DB8F1D1007 /* FontAwesome5_Solid.ttf */; };
		0A6A6182598B4BCBB03BF007 /* Fontisto.ttf in Resources */ = {isa = PBXBuildFile; fileRef = BF77CEECF1314FE781D00CA7 /* Fontisto.ttf */; };
		96A2B0285C174506A2473927 /* Foundation.ttf in Resources */ = {isa = PBXBuildFile; fileRef = 19BA17FAD4A94594A35356EB /* Foundation.ttf */; };
		79AC056BEEA1424FB4D8AF3F /* Ionicons.ttf in Resources */ = {isa = PBXBuildFile; fileRef = 45F145C84B6B42B39477B1B4 /* Ionicons.ttf */; };
		BEE7C1DF1F91424E89695D37 /* MaterialCommunityIcons.ttf in Resources */ = {isa = PBXBuildFile; fileRef = 4C941ABACD8D41EE9E8AC689 /* MaterialCommunityIcons.ttf */; };
		DB99FB1A481548D4858B55D2 /* MaterialIcons.ttf in Resources */ = {isa = PBXBuildFile; fileRef = D394EFFEDA254B89A4DC3B2A /* MaterialIcons.ttf */; };
		1023DB6ECD4143958121C2B8 /* Octicons.ttf in Resources */ = {isa = PBXBuildFile; fileRef = E3AFF78BDF03489C93397CD0 /* Octicons.ttf */; };
		BC1BF06F411348FFA3AB2503 /* SimpleLineIcons.ttf in Resources */ = {isa = PBXBuildFile; fileRef = 8C2FEAAFE2A04B43A8E30EB8 /* SimpleLineIcons.ttf */; };
		81BAD9EA356049AAB84C5465 /* Zocial.ttf in Resources */ = {isa = PBXBuildFile; fileRef = EF49AF2F111F4F5697B90651 /* Zocial.ttf */; };
		684F10510C2A455AB7BA870A /* Univers-Condensed-Bold.TTF in Resources */ = {isa = PBXBuildFile; fileRef = 81C2567EB0934B669865854D /* Univers-Condensed-Bold.TTF */; };
		8BBDDFDA859946AFACD7186C /* UniversLTPro-45Light.ttf in Resources */ = {isa = PBXBuildFile; fileRef = 2D9A10801F3C4A618872C7C1 /* UniversLTPro-45Light.ttf */; };
		DF9951AE1A024007BB2B5F17 /* UniversLTPro-BoldCond.ttf in Resources */ = {isa = PBXBuildFile; fileRef = 5FF725C866D64DA1A702AB8B /* UniversLTPro-BoldCond.ttf */; };
		18EFE5A84CDF42CDBAF26C78 /* UniversLTPro-Condensed.ttf in Resources */ = {isa = PBXBuildFile; fileRef = C6FC2A2C37B64048ACF873D5 /* UniversLTPro-Condensed.ttf */; };
		68F4C363DFA84D3D8D290D4F /* UniversLTPro-LightCond.ttf in Resources */ = {isa = PBXBuildFile; fileRef = 7BA60851EBE1456EBDBDBDD2 /* UniversLTPro-LightCond.ttf */; };
		7D90718585BC40AD8BB00282 /* UniversCondensed-Bold.ttf in Resources */ = {isa = PBXBuildFile; fileRef = 18016414C37E44A2B739F779 /* UniversCondensed-Bold.ttf */; };
		E653A492963B447E9A93C521 /* UniversLTPro-Condensed-Bold.TTF in Resources */ = {isa = PBXBuildFile; fileRef = 213F4F7E453C4BE0B0D7229E /* UniversLTPro-Condensed-Bold.TTF */; };
		470DD5CCDA794BF79CBC2B00 /* GoogleSans-Bold.ttf in Resources */ = {isa = PBXBuildFile; fileRef = 2D70CD2E74A74A0798A4CBB3 /* GoogleSans-Bold.ttf */; };
		D552399103454B71B0821F77 /* GoogleSans-BoldItalic.ttf in Resources */ = {isa = PBXBuildFile; fileRef = 4ABEC310E97E42D2AFC37547 /* GoogleSans-BoldItalic.ttf */; };
		205C0D4755D84C59864F6210 /* GoogleSans-Italic.ttf in Resources */ = {isa = PBXBuildFile; fileRef = AA80308CB4F54C488DB3A00A /* GoogleSans-Italic.ttf */; };
		C732A9C0BB124A2194C52CAD /* GoogleSans-Medium.ttf in Resources */ = {isa = PBXBuildFile; fileRef = 37ADC340BA20467E9CBA102E /* GoogleSans-Medium.ttf */; };
		B49C8DBD621C478B84ADEA9C /* GoogleSans-MediumItalic.ttf in Resources */ = {isa = PBXBuildFile; fileRef = 04B9CD71D3604181897E3086 /* GoogleSans-MediumItalic.ttf */; };
		3E1F7CD4B6A54805B04A712D /* GoogleSans-Regular.ttf in Resources */ = {isa = PBXBuildFile; fileRef = 5D6165F08CB4454D949669D8 /* GoogleSans-Regular.ttf */; };
		5967FED662AA443F9803FE07 /* Poppins-Black.ttf in Resources */ = {isa = PBXBuildFile; fileRef = 80AFD0243090495AA8E63EFC /* Poppins-Black.ttf */; };
		A6D586EA651B4118A18FD993 /* Poppins-BlackItalic.ttf in Resources */ = {isa = PBXBuildFile; fileRef = 90C86C514B7B41BB935FD827 /* Poppins-BlackItalic.ttf */; };
		76800FECD04C4829A50E1C50 /* Poppins-Bold.ttf in Resources */ = {isa = PBXBuildFile; fileRef = 2C004179251C44EEA729BCCF /* Poppins-Bold.ttf */; };
		BF2673BFA0FD4474A221D0AD /* Poppins-BoldItalic.ttf in Resources */ = {isa = PBXBuildFile; fileRef = D393032766304016811ECDAD /* Poppins-BoldItalic.ttf */; };
		F89A85FB80774C55A785DA91 /* Poppins-ExtraBold.ttf in Resources */ = {isa = PBXBuildFile; fileRef = 018B03A510EC4FD59BBBF1F9 /* Poppins-ExtraBold.ttf */; };
		0CA6A0E6C4E24C25B57BEBB0 /* Poppins-ExtraBoldItalic.ttf in Resources */ = {isa = PBXBuildFile; fileRef = B261DF841A244E519CE2041D /* Poppins-ExtraBoldItalic.ttf */; };
		222D4FA3E92E43499155018A /* Poppins-ExtraLight.ttf in Resources */ = {isa = PBXBuildFile; fileRef = BC5DBDB6A12C43629DE42943 /* Poppins-ExtraLight.ttf */; };
		FA3059EE9A5541FABD2916EE /* Poppins-ExtraLightItalic.ttf in Resources */ = {isa = PBXBuildFile; fileRef = B7863FB672F44F7896840856 /* Poppins-ExtraLightItalic.ttf */; };
		01BDF3EBF73F4204A4432F33 /* Poppins-Italic.ttf in Resources */ = {isa = PBXBuildFile; fileRef = B09AC91E2D4543AD9194C80E /* Poppins-Italic.ttf */; };
		DC7B2F9984234FA8A39BF83D /* Poppins-Light.ttf in Resources */ = {isa = PBXBuildFile; fileRef = 4C69FB6506F146F79BCB5514 /* Poppins-Light.ttf */; };
		2B8AFAD376D942CC934073EC /* Poppins-LightItalic.ttf in Resources */ = {isa = PBXBuildFile; fileRef = 8535D92EF92140D0B9EEE814 /* Poppins-LightItalic.ttf */; };
		6A8E127093DC409FB97EDC75 /* Poppins-Medium.ttf in Resources */ = {isa = PBXBuildFile; fileRef = AA856AAC68114755AD4AD5BF /* Poppins-Medium.ttf */; };
		C6B4D0E838B74F1393DBC0E2 /* Poppins-MediumItalic.ttf in Resources */ = {isa = PBXBuildFile; fileRef = B79F0C63A1EE4491BAFA0874 /* Poppins-MediumItalic.ttf */; };
		441D4BB7BA5240A481332746 /* Poppins-Regular.ttf in Resources */ = {isa = PBXBuildFile; fileRef = 646BA98CC0E7426695072CCD /* Poppins-Regular.ttf */; };
		55BDB7F9E1C0417BAF2C190B /* Poppins-SemiBold.ttf in Resources */ = {isa = PBXBuildFile; fileRef = F8489CE79B3541F2A4528CA8 /* Poppins-SemiBold.ttf */; };
		CDB9D17ECA014BBFAE7B9125 /* Poppins-SemiBoldItalic.ttf in Resources */ = {isa = PBXBuildFile; fileRef = 5B6666A33FB24784A5B47484 /* Poppins-SemiBoldItalic.ttf */; };
		842F0A053B9549FCB774A64D /* Poppins-Thin.ttf in Resources */ = {isa = PBXBuildFile; fileRef = 7DA497424DB64EFFABCFB100 /* Poppins-Thin.ttf */; };
		5540C68EEB37417691B49DF2 /* Poppins-ThinItalic.ttf in Resources */ = {isa = PBXBuildFile; fileRef = CE22B49C42414F89A803E7A5 /* Poppins-ThinItalic.ttf */; };
/* End PBXBuildFile section */

/* Begin PBXContainerItemProxy section */
		00E356F41AD99517003FC87E /* PBXContainerItemProxy */ = {
			isa = PBXContainerItemProxy;
			containerPortal = 83CBB9F71A601CBA00E9B192 /* Project object */;
			proxyType = 1;
			remoteGlobalIDString = 13B07F861A680F5B00A75B9A;
			remoteInfo = shpeucfapp;
		};
		2D02E4911E0B4A5D006451C7 /* PBXContainerItemProxy */ = {
			isa = PBXContainerItemProxy;
			containerPortal = 83CBB9F71A601CBA00E9B192 /* Project object */;
			proxyType = 1;
			remoteGlobalIDString = 2D02E47A1E0B4A5D006451C7;
			remoteInfo = "shpeucfapp-tvOS";
		};
/* End PBXContainerItemProxy section */

/* Begin PBXFileReference section */
		008F07F21AC5B25A0029DE68 /* main.jsbundle */ = {isa = PBXFileReference; fileEncoding = 4; lastKnownFileType = text; path = main.jsbundle; sourceTree = "<group>"; };
		00E356EE1AD99517003FC87E /* shpeucfappTests.xctest */ = {isa = PBXFileReference; explicitFileType = wrapper.cfbundle; includeInIndex = 0; path = shpeucfappTests.xctest; sourceTree = BUILT_PRODUCTS_DIR; };
		00E356F11AD99517003FC87E /* Info.plist */ = {isa = PBXFileReference; lastKnownFileType = text.plist.xml; path = Info.plist; sourceTree = "<group>"; };
		00E356F21AD99517003FC87E /* shpeucfappTests.m */ = {isa = PBXFileReference; lastKnownFileType = sourcecode.c.objc; path = shpeucfappTests.m; sourceTree = "<group>"; };
		1113D8BF21EDEDCA5F69BE46 /* Pods-shpeucfapp.release.xcconfig */ = {isa = PBXFileReference; includeInIndex = 1; lastKnownFileType = text.xcconfig; name = "Pods-shpeucfapp.release.xcconfig"; path = "Target Support Files/Pods-shpeucfapp/Pods-shpeucfapp.release.xcconfig"; sourceTree = "<group>"; };
		13B07F961A680F5B00A75B9A /* shpeucfapp.app */ = {isa = PBXFileReference; explicitFileType = wrapper.application; includeInIndex = 0; path = shpeucfapp.app; sourceTree = BUILT_PRODUCTS_DIR; };
		13B07FAF1A68108700A75B9A /* AppDelegate.h */ = {isa = PBXFileReference; fileEncoding = 4; lastKnownFileType = sourcecode.c.h; name = AppDelegate.h; path = shpeucfapp/AppDelegate.h; sourceTree = "<group>"; };
		13B07FB01A68108700A75B9A /* AppDelegate.m */ = {isa = PBXFileReference; fileEncoding = 4; lastKnownFileType = sourcecode.c.objc; name = AppDelegate.m; path = shpeucfapp/AppDelegate.m; sourceTree = "<group>"; };
		13B07FB51A68108700A75B9A /* Images.xcassets */ = {isa = PBXFileReference; lastKnownFileType = folder.assetcatalog; name = Images.xcassets; path = shpeucfapp/Images.xcassets; sourceTree = "<group>"; };
		13B07FB61A68108700A75B9A /* Info.plist */ = {isa = PBXFileReference; fileEncoding = 4; lastKnownFileType = text.plist.xml; name = Info.plist; path = shpeucfapp/Info.plist; sourceTree = "<group>"; };
		13B07FB71A68108700A75B9A /* main.m */ = {isa = PBXFileReference; fileEncoding = 4; lastKnownFileType = sourcecode.c.objc; name = main.m; path = shpeucfapp/main.m; sourceTree = "<group>"; };
		2D02E47B1E0B4A5D006451C7 /* shpeucfapp-tvOS.app */ = {isa = PBXFileReference; explicitFileType = wrapper.application; includeInIndex = 0; path = "shpeucfapp-tvOS.app"; sourceTree = BUILT_PRODUCTS_DIR; };
		2D02E4901E0B4A5D006451C7 /* shpeucfapp-tvOSTests.xctest */ = {isa = PBXFileReference; explicitFileType = wrapper.cfbundle; includeInIndex = 0; path = "shpeucfapp-tvOSTests.xctest"; sourceTree = BUILT_PRODUCTS_DIR; };
		6B298430FFF8011124E46081 /* Pods-shpeucfapp.debug.xcconfig */ = {isa = PBXFileReference; includeInIndex = 1; lastKnownFileType = text.xcconfig; name = "Pods-shpeucfapp.debug.xcconfig"; path = "Target Support Files/Pods-shpeucfapp/Pods-shpeucfapp.debug.xcconfig"; sourceTree = "<group>"; };
		713587D55384DCC8A5801044 /* Pods-shpeucfapp-shpeucfappTests.debug.xcconfig */ = {isa = PBXFileReference; includeInIndex = 1; lastKnownFileType = text.xcconfig; name = "Pods-shpeucfapp-shpeucfappTests.debug.xcconfig"; path = "Target Support Files/Pods-shpeucfapp-shpeucfappTests/Pods-shpeucfapp-shpeucfappTests.debug.xcconfig"; sourceTree = "<group>"; };
		81AB9BB72411601600AC10FF /* LaunchScreen.storyboard */ = {isa = PBXFileReference; fileEncoding = 4; lastKnownFileType = file.storyboard; name = LaunchScreen.storyboard; path = shpeucfapp/LaunchScreen.storyboard; sourceTree = "<group>"; };
		969FC6D4AD18D6C6FA0A0B87 /* Pods-shpeucfapp-tvOSTests.debug.xcconfig */ = {isa = PBXFileReference; includeInIndex = 1; lastKnownFileType = text.xcconfig; name = "Pods-shpeucfapp-tvOSTests.debug.xcconfig"; path = "Target Support Files/Pods-shpeucfapp-tvOSTests/Pods-shpeucfapp-tvOSTests.debug.xcconfig"; sourceTree = "<group>"; };
		9DABCA0A1F0E696F31BEB7D9 /* Pods-shpeucfapp-tvOSTests.release.xcconfig */ = {isa = PBXFileReference; includeInIndex = 1; lastKnownFileType = text.xcconfig; name = "Pods-shpeucfapp-tvOSTests.release.xcconfig"; path = "Target Support Files/Pods-shpeucfapp-tvOSTests/Pods-shpeucfapp-tvOSTests.release.xcconfig"; sourceTree = "<group>"; };
		A2CB09D36C8D24C36CC968C4 /* Pods-shpeucfapp-tvOS.release.xcconfig */ = {isa = PBXFileReference; includeInIndex = 1; lastKnownFileType = text.xcconfig; name = "Pods-shpeucfapp-tvOS.release.xcconfig"; path = "Target Support Files/Pods-shpeucfapp-tvOS/Pods-shpeucfapp-tvOS.release.xcconfig"; sourceTree = "<group>"; };
		C802C8823F8BF819B7FD53FB /* libPods-shpeucfapp-tvOS.a */ = {isa = PBXFileReference; explicitFileType = archive.ar; includeInIndex = 0; path = "libPods-shpeucfapp-tvOS.a"; sourceTree = BUILT_PRODUCTS_DIR; };
		CFE7D6DD01A99F9FCF8EC96A /* libPods-shpeucfapp-shpeucfappTests.a */ = {isa = PBXFileReference; explicitFileType = archive.ar; includeInIndex = 0; path = "libPods-shpeucfapp-shpeucfappTests.a"; sourceTree = BUILT_PRODUCTS_DIR; };
		D6A3C435FFFC5B63E6516465 /* Pods-shpeucfapp-shpeucfappTests.release.xcconfig */ = {isa = PBXFileReference; includeInIndex = 1; lastKnownFileType = text.xcconfig; name = "Pods-shpeucfapp-shpeucfappTests.release.xcconfig"; path = "Target Support Files/Pods-shpeucfapp-shpeucfappTests/Pods-shpeucfapp-shpeucfappTests.release.xcconfig"; sourceTree = "<group>"; };
		DB106D0EAEAB42BC39C24E9E /* libPods-shpeucfapp-tvOSTests.a */ = {isa = PBXFileReference; explicitFileType = archive.ar; includeInIndex = 0; path = "libPods-shpeucfapp-tvOSTests.a"; sourceTree = BUILT_PRODUCTS_DIR; };
		E095AF3FB3E7F412FA1E6BC1 /* Pods-shpeucfapp-tvOS.debug.xcconfig */ = {isa = PBXFileReference; includeInIndex = 1; lastKnownFileType = text.xcconfig; name = "Pods-shpeucfapp-tvOS.debug.xcconfig"; path = "Target Support Files/Pods-shpeucfapp-tvOS/Pods-shpeucfapp-tvOS.debug.xcconfig"; sourceTree = "<group>"; };
		EAFB55A932FE8DD605C2D531 /* libPods-shpeucfapp.a */ = {isa = PBXFileReference; explicitFileType = archive.ar; includeInIndex = 0; path = "libPods-shpeucfapp.a"; sourceTree = BUILT_PRODUCTS_DIR; };
		ED297162215061F000B7C4FE /* JavaScriptCore.framework */ = {isa = PBXFileReference; lastKnownFileType = wrapper.framework; name = JavaScriptCore.framework; path = System/Library/Frameworks/JavaScriptCore.framework; sourceTree = SDKROOT; };
		ED2971642150620600B7C4FE /* JavaScriptCore.framework */ = {isa = PBXFileReference; lastKnownFileType = wrapper.framework; name = JavaScriptCore.framework; path = Platforms/AppleTVOS.platform/Developer/SDKs/AppleTVOS12.0.sdk/System/Library/Frameworks/JavaScriptCore.framework; sourceTree = DEVELOPER_DIR; };
		48CC75C7A3BE46F2B026EC29 /* AntDesign.ttf */ = {isa = PBXFileReference; name = "AntDesign.ttf"; path = "../node_modules/react-native-vector-icons/Fonts/AntDesign.ttf"; sourceTree = "<group>"; fileEncoding = undefined; lastKnownFileType = unknown; explicitFileType = undefined; includeInIndex = 0; };
		08F650C739FA4AF4803C50FC /* Entypo.ttf */ = {isa = PBXFileReference; name = "Entypo.ttf"; path = "../node_modules/react-native-vector-icons/Fonts/Entypo.ttf"; sourceTree = "<group>"; fileEncoding = undefined; lastKnownFileType = unknown; explicitFileType = undefined; includeInIndex = 0; };
		DAE245F26B2B421E8D305345 /* EvilIcons.ttf */ = {isa = PBXFileReference; name = "EvilIcons.ttf"; path = "../node_modules/react-native-vector-icons/Fonts/EvilIcons.ttf"; sourceTree = "<group>"; fileEncoding = undefined; lastKnownFileType = unknown; explicitFileType = undefined; includeInIndex = 0; };
		C0889B128D124CE1A33954F9 /* Feather.ttf */ = {isa = PBXFileReference; name = "Feather.ttf"; path = "../node_modules/react-native-vector-icons/Fonts/Feather.ttf"; sourceTree = "<group>"; fileEncoding = undefined; lastKnownFileType = unknown; explicitFileType = undefined; includeInIndex = 0; };
		D187BE254A074E3094F78358 /* FontAwesome.ttf */ = {isa = PBXFileReference; name = "FontAwesome.ttf"; path = "../node_modules/react-native-vector-icons/Fonts/FontAwesome.ttf"; sourceTree = "<group>"; fileEncoding = undefined; lastKnownFileType = unknown; explicitFileType = undefined; includeInIndex = 0; };
		3F3CE5D9841D4B3FB1BA9258 /* FontAwesome5_Brands.ttf */ = {isa = PBXFileReference; name = "FontAwesome5_Brands.ttf"; path = "../node_modules/react-native-vector-icons/Fonts/FontAwesome5_Brands.ttf"; sourceTree = "<group>"; fileEncoding = undefined; lastKnownFileType = unknown; explicitFileType = undefined; includeInIndex = 0; };
		C0DAE65E7CF84E16ADD611CF /* FontAwesome5_Regular.ttf */ = {isa = PBXFileReference; name = "FontAwesome5_Regular.ttf"; path = "../node_modules/react-native-vector-icons/Fonts/FontAwesome5_Regular.ttf"; sourceTree = "<group>"; fileEncoding = undefined; lastKnownFileType = unknown; explicitFileType = undefined; includeInIndex = 0; };
		4212861B991541DB8F1D1007 /* FontAwesome5_Solid.ttf */ = {isa = PBXFileReference; name = "FontAwesome5_Solid.ttf"; path = "../node_modules/react-native-vector-icons/Fonts/FontAwesome5_Solid.ttf"; sourceTree = "<group>"; fileEncoding = undefined; lastKnownFileType = unknown; explicitFileType = undefined; includeInIndex = 0; };
		BF77CEECF1314FE781D00CA7 /* Fontisto.ttf */ = {isa = PBXFileReference; name = "Fontisto.ttf"; path = "../node_modules/react-native-vector-icons/Fonts/Fontisto.ttf"; sourceTree = "<group>"; fileEncoding = undefined; lastKnownFileType = unknown; explicitFileType = undefined; includeInIndex = 0; };
		19BA17FAD4A94594A35356EB /* Foundation.ttf */ = {isa = PBXFileReference; name = "Foundation.ttf"; path = "../node_modules/react-native-vector-icons/Fonts/Foundation.ttf"; sourceTree = "<group>"; fileEncoding = undefined; lastKnownFileType = unknown; explicitFileType = undefined; includeInIndex = 0; };
		45F145C84B6B42B39477B1B4 /* Ionicons.ttf */ = {isa = PBXFileReference; name = "Ionicons.ttf"; path = "../node_modules/react-native-vector-icons/Fonts/Ionicons.ttf"; sourceTree = "<group>"; fileEncoding = undefined; lastKnownFileType = unknown; explicitFileType = undefined; includeInIndex = 0; };
		4C941ABACD8D41EE9E8AC689 /* MaterialCommunityIcons.ttf */ = {isa = PBXFileReference; name = "MaterialCommunityIcons.ttf"; path = "../node_modules/react-native-vector-icons/Fonts/MaterialCommunityIcons.ttf"; sourceTree = "<group>"; fileEncoding = undefined; lastKnownFileType = unknown; explicitFileType = undefined; includeInIndex = 0; };
		D394EFFEDA254B89A4DC3B2A /* MaterialIcons.ttf */ = {isa = PBXFileReference; name = "MaterialIcons.ttf"; path = "../node_modules/react-native-vector-icons/Fonts/MaterialIcons.ttf"; sourceTree = "<group>"; fileEncoding = undefined; lastKnownFileType = unknown; explicitFileType = undefined; includeInIndex = 0; };
		E3AFF78BDF03489C93397CD0 /* Octicons.ttf */ = {isa = PBXFileReference; name = "Octicons.ttf"; path = "../node_modules/react-native-vector-icons/Fonts/Octicons.ttf"; sourceTree = "<group>"; fileEncoding = undefined; lastKnownFileType = unknown; explicitFileType = undefined; includeInIndex = 0; };
		8C2FEAAFE2A04B43A8E30EB8 /* SimpleLineIcons.ttf */ = {isa = PBXFileReference; name = "SimpleLineIcons.ttf"; path = "../node_modules/react-native-vector-icons/Fonts/SimpleLineIcons.ttf"; sourceTree = "<group>"; fileEncoding = undefined; lastKnownFileType = unknown; explicitFileType = undefined; includeInIndex = 0; };
		EF49AF2F111F4F5697B90651 /* Zocial.ttf */ = {isa = PBXFileReference; name = "Zocial.ttf"; path = "../node_modules/react-native-vector-icons/Fonts/Zocial.ttf"; sourceTree = "<group>"; fileEncoding = undefined; lastKnownFileType = unknown; explicitFileType = undefined; includeInIndex = 0; };
		81C2567EB0934B669865854D /* Univers-Condensed-Bold.TTF */ = {isa = PBXFileReference; name = "Univers-Condensed-Bold.TTF"; path = "../src/assets/fonts/Univers-Condensed-Bold.TTF"; sourceTree = "<group>"; fileEncoding = undefined; lastKnownFileType = unknown; explicitFileType = undefined; includeInIndex = 0; };
		2D9A10801F3C4A618872C7C1 /* UniversLTPro-45Light.ttf */ = {isa = PBXFileReference; name = "UniversLTPro-45Light.ttf"; path = "../src/assets/fonts/UniversLTPro-45Light.ttf"; sourceTree = "<group>"; fileEncoding = undefined; lastKnownFileType = unknown; explicitFileType = undefined; includeInIndex = 0; };
		5FF725C866D64DA1A702AB8B /* UniversLTPro-BoldCond.ttf */ = {isa = PBXFileReference; name = "UniversLTPro-BoldCond.ttf"; path = "../src/assets/fonts/UniversLTPro-BoldCond.ttf"; sourceTree = "<group>"; fileEncoding = undefined; lastKnownFileType = unknown; explicitFileType = undefined; includeInIndex = 0; };
		C6FC2A2C37B64048ACF873D5 /* UniversLTPro-Condensed.ttf */ = {isa = PBXFileReference; name = "UniversLTPro-Condensed.ttf"; path = "../src/assets/fonts/UniversLTPro-Condensed.ttf"; sourceTree = "<group>"; fileEncoding = undefined; lastKnownFileType = unknown; explicitFileType = undefined; includeInIndex = 0; };
		7BA60851EBE1456EBDBDBDD2 /* UniversLTPro-LightCond.ttf */ = {isa = PBXFileReference; name = "UniversLTPro-LightCond.ttf"; path = "../src/assets/fonts/UniversLTPro-LightCond.ttf"; sourceTree = "<group>"; fileEncoding = undefined; lastKnownFileType = unknown; explicitFileType = undefined; includeInIndex = 0; };
		18016414C37E44A2B739F779 /* UniversCondensed-Bold.ttf */ = {isa = PBXFileReference; name = "UniversCondensed-Bold.ttf"; path = "../src/assets/fonts/UniversCondensed-Bold.ttf"; sourceTree = "<group>"; fileEncoding = undefined; lastKnownFileType = unknown; explicitFileType = undefined; includeInIndex = 0; };
		213F4F7E453C4BE0B0D7229E /* UniversLTPro-Condensed-Bold.TTF */ = {isa = PBXFileReference; name = "UniversLTPro-Condensed-Bold.TTF"; path = "../src/assets/fonts/UniversLTPro-Condensed-Bold.TTF"; sourceTree = "<group>"; fileEncoding = undefined; lastKnownFileType = unknown; explicitFileType = undefined; includeInIndex = 0; };
		2D70CD2E74A74A0798A4CBB3 /* GoogleSans-Bold.ttf */ = {isa = PBXFileReference; name = "GoogleSans-Bold.ttf"; path = "../src/assets/fonts/GoogleSans-Bold.ttf"; sourceTree = "<group>"; fileEncoding = undefined; lastKnownFileType = unknown; explicitFileType = undefined; includeInIndex = 0; };
		4ABEC310E97E42D2AFC37547 /* GoogleSans-BoldItalic.ttf */ = {isa = PBXFileReference; name = "GoogleSans-BoldItalic.ttf"; path = "../src/assets/fonts/GoogleSans-BoldItalic.ttf"; sourceTree = "<group>"; fileEncoding = undefined; lastKnownFileType = unknown; explicitFileType = undefined; includeInIndex = 0; };
		AA80308CB4F54C488DB3A00A /* GoogleSans-Italic.ttf */ = {isa = PBXFileReference; name = "GoogleSans-Italic.ttf"; path = "../src/assets/fonts/GoogleSans-Italic.ttf"; sourceTree = "<group>"; fileEncoding = undefined; lastKnownFileType = unknown; explicitFileType = undefined; includeInIndex = 0; };
		37ADC340BA20467E9CBA102E /* GoogleSans-Medium.ttf */ = {isa = PBXFileReference; name = "GoogleSans-Medium.ttf"; path = "../src/assets/fonts/GoogleSans-Medium.ttf"; sourceTree = "<group>"; fileEncoding = undefined; lastKnownFileType = unknown; explicitFileType = undefined; includeInIndex = 0; };
		04B9CD71D3604181897E3086 /* GoogleSans-MediumItalic.ttf */ = {isa = PBXFileReference; name = "GoogleSans-MediumItalic.ttf"; path = "../src/assets/fonts/GoogleSans-MediumItalic.ttf"; sourceTree = "<group>"; fileEncoding = undefined; lastKnownFileType = unknown; explicitFileType = undefined; includeInIndex = 0; };
		5D6165F08CB4454D949669D8 /* GoogleSans-Regular.ttf */ = {isa = PBXFileReference; name = "GoogleSans-Regular.ttf"; path = "../src/assets/fonts/GoogleSans-Regular.ttf"; sourceTree = "<group>"; fileEncoding = undefined; lastKnownFileType = unknown; explicitFileType = undefined; includeInIndex = 0; };
		80AFD0243090495AA8E63EFC /* Poppins-Black.ttf */ = {isa = PBXFileReference; name = "Poppins-Black.ttf"; path = "../src/assets/fonts/Poppins-Black.ttf"; sourceTree = "<group>"; fileEncoding = undefined; lastKnownFileType = unknown; explicitFileType = undefined; includeInIndex = 0; };
		90C86C514B7B41BB935FD827 /* Poppins-BlackItalic.ttf */ = {isa = PBXFileReference; name = "Poppins-BlackItalic.ttf"; path = "../src/assets/fonts/Poppins-BlackItalic.ttf"; sourceTree = "<group>"; fileEncoding = undefined; lastKnownFileType = unknown; explicitFileType = undefined; includeInIndex = 0; };
		2C004179251C44EEA729BCCF /* Poppins-Bold.ttf */ = {isa = PBXFileReference; name = "Poppins-Bold.ttf"; path = "../src/assets/fonts/Poppins-Bold.ttf"; sourceTree = "<group>"; fileEncoding = undefined; lastKnownFileType = unknown; explicitFileType = undefined; includeInIndex = 0; };
		D393032766304016811ECDAD /* Poppins-BoldItalic.ttf */ = {isa = PBXFileReference; name = "Poppins-BoldItalic.ttf"; path = "../src/assets/fonts/Poppins-BoldItalic.ttf"; sourceTree = "<group>"; fileEncoding = undefined; lastKnownFileType = unknown; explicitFileType = undefined; includeInIndex = 0; };
		018B03A510EC4FD59BBBF1F9 /* Poppins-ExtraBold.ttf */ = {isa = PBXFileReference; name = "Poppins-ExtraBold.ttf"; path = "../src/assets/fonts/Poppins-ExtraBold.ttf"; sourceTree = "<group>"; fileEncoding = undefined; lastKnownFileType = unknown; explicitFileType = undefined; includeInIndex = 0; };
		B261DF841A244E519CE2041D /* Poppins-ExtraBoldItalic.ttf */ = {isa = PBXFileReference; name = "Poppins-ExtraBoldItalic.ttf"; path = "../src/assets/fonts/Poppins-ExtraBoldItalic.ttf"; sourceTree = "<group>"; fileEncoding = undefined; lastKnownFileType = unknown; explicitFileType = undefined; includeInIndex = 0; };
		BC5DBDB6A12C43629DE42943 /* Poppins-ExtraLight.ttf */ = {isa = PBXFileReference; name = "Poppins-ExtraLight.ttf"; path = "../src/assets/fonts/Poppins-ExtraLight.ttf"; sourceTree = "<group>"; fileEncoding = undefined; lastKnownFileType = unknown; explicitFileType = undefined; includeInIndex = 0; };
		B7863FB672F44F7896840856 /* Poppins-ExtraLightItalic.ttf */ = {isa = PBXFileReference; name = "Poppins-ExtraLightItalic.ttf"; path = "../src/assets/fonts/Poppins-ExtraLightItalic.ttf"; sourceTree = "<group>"; fileEncoding = undefined; lastKnownFileType = unknown; explicitFileType = undefined; includeInIndex = 0; };
		B09AC91E2D4543AD9194C80E /* Poppins-Italic.ttf */ = {isa = PBXFileReference; name = "Poppins-Italic.ttf"; path = "../src/assets/fonts/Poppins-Italic.ttf"; sourceTree = "<group>"; fileEncoding = undefined; lastKnownFileType = unknown; explicitFileType = undefined; includeInIndex = 0; };
		4C69FB6506F146F79BCB5514 /* Poppins-Light.ttf */ = {isa = PBXFileReference; name = "Poppins-Light.ttf"; path = "../src/assets/fonts/Poppins-Light.ttf"; sourceTree = "<group>"; fileEncoding = undefined; lastKnownFileType = unknown; explicitFileType = undefined; includeInIndex = 0; };
		8535D92EF92140D0B9EEE814 /* Poppins-LightItalic.ttf */ = {isa = PBXFileReference; name = "Poppins-LightItalic.ttf"; path = "../src/assets/fonts/Poppins-LightItalic.ttf"; sourceTree = "<group>"; fileEncoding = undefined; lastKnownFileType = unknown; explicitFileType = undefined; includeInIndex = 0; };
		AA856AAC68114755AD4AD5BF /* Poppins-Medium.ttf */ = {isa = PBXFileReference; name = "Poppins-Medium.ttf"; path = "../src/assets/fonts/Poppins-Medium.ttf"; sourceTree = "<group>"; fileEncoding = undefined; lastKnownFileType = unknown; explicitFileType = undefined; includeInIndex = 0; };
		B79F0C63A1EE4491BAFA0874 /* Poppins-MediumItalic.ttf */ = {isa = PBXFileReference; name = "Poppins-MediumItalic.ttf"; path = "../src/assets/fonts/Poppins-MediumItalic.ttf"; sourceTree = "<group>"; fileEncoding = undefined; lastKnownFileType = unknown; explicitFileType = undefined; includeInIndex = 0; };
		646BA98CC0E7426695072CCD /* Poppins-Regular.ttf */ = {isa = PBXFileReference; name = "Poppins-Regular.ttf"; path = "../src/assets/fonts/Poppins-Regular.ttf"; sourceTree = "<group>"; fileEncoding = undefined; lastKnownFileType = unknown; explicitFileType = undefined; includeInIndex = 0; };
		F8489CE79B3541F2A4528CA8 /* Poppins-SemiBold.ttf */ = {isa = PBXFileReference; name = "Poppins-SemiBold.ttf"; path = "../src/assets/fonts/Poppins-SemiBold.ttf"; sourceTree = "<group>"; fileEncoding = undefined; lastKnownFileType = unknown; explicitFileType = undefined; includeInIndex = 0; };
		5B6666A33FB24784A5B47484 /* Poppins-SemiBoldItalic.ttf */ = {isa = PBXFileReference; name = "Poppins-SemiBoldItalic.ttf"; path = "../src/assets/fonts/Poppins-SemiBoldItalic.ttf"; sourceTree = "<group>"; fileEncoding = undefined; lastKnownFileType = unknown; explicitFileType = undefined; includeInIndex = 0; };
		7DA497424DB64EFFABCFB100 /* Poppins-Thin.ttf */ = {isa = PBXFileReference; name = "Poppins-Thin.ttf"; path = "../src/assets/fonts/Poppins-Thin.ttf"; sourceTree = "<group>"; fileEncoding = undefined; lastKnownFileType = unknown; explicitFileType = undefined; includeInIndex = 0; };
		CE22B49C42414F89A803E7A5 /* Poppins-ThinItalic.ttf */ = {isa = PBXFileReference; name = "Poppins-ThinItalic.ttf"; path = "../src/assets/fonts/Poppins-ThinItalic.ttf"; sourceTree = "<group>"; fileEncoding = undefined; lastKnownFileType = unknown; explicitFileType = undefined; includeInIndex = 0; };
/* End PBXFileReference section */

/* Begin PBXFrameworksBuildPhase section */
		00E356EB1AD99517003FC87E /* Frameworks */ = {
			isa = PBXFrameworksBuildPhase;
			buildActionMask = 2147483647;
			files = (
				35D43C1FE8ABC58A983B4CBB /* libPods-shpeucfapp-shpeucfappTests.a in Frameworks */,
			);
			runOnlyForDeploymentPostprocessing = 0;
		};
		13B07F8C1A680F5B00A75B9A /* Frameworks */ = {
			isa = PBXFrameworksBuildPhase;
			buildActionMask = 2147483647;
			files = (
				BCCB37A25C9BEB5D5F63CD98 /* libPods-shpeucfapp.a in Frameworks */,
			);
			runOnlyForDeploymentPostprocessing = 0;
		};
		2D02E4781E0B4A5D006451C7 /* Frameworks */ = {
			isa = PBXFrameworksBuildPhase;
			buildActionMask = 2147483647;
			files = (
				00721024CCEF82CF956BA0E8 /* libPods-shpeucfapp-tvOS.a in Frameworks */,
			);
			runOnlyForDeploymentPostprocessing = 0;
		};
		2D02E48D1E0B4A5D006451C7 /* Frameworks */ = {
			isa = PBXFrameworksBuildPhase;
			buildActionMask = 2147483647;
			files = (
				AFED4B26B335A44641B673FC /* libPods-shpeucfapp-tvOSTests.a in Frameworks */,
			);
			runOnlyForDeploymentPostprocessing = 0;
		};
/* End PBXFrameworksBuildPhase section */

/* Begin PBXGroup section */
		00E356EF1AD99517003FC87E /* shpeucfappTests */ = {
			isa = PBXGroup;
			children = (
				00E356F21AD99517003FC87E /* shpeucfappTests.m */,
				00E356F01AD99517003FC87E /* Supporting Files */,
			);
			path = shpeucfappTests;
			sourceTree = "<group>";
		};
		00E356F01AD99517003FC87E /* Supporting Files */ = {
			isa = PBXGroup;
			children = (
				00E356F11AD99517003FC87E /* Info.plist */,
			);
			name = "Supporting Files";
			sourceTree = "<group>";
		};
		13B07FAE1A68108700A75B9A /* shpeucfapp */ = {
			isa = PBXGroup;
			children = (
				008F07F21AC5B25A0029DE68 /* main.jsbundle */,
				13B07FAF1A68108700A75B9A /* AppDelegate.h */,
				13B07FB01A68108700A75B9A /* AppDelegate.m */,
				13B07FB51A68108700A75B9A /* Images.xcassets */,
				13B07FB61A68108700A75B9A /* Info.plist */,
				81AB9BB72411601600AC10FF /* LaunchScreen.storyboard */,
				13B07FB71A68108700A75B9A /* main.m */,
			);
			name = shpeucfapp;
			sourceTree = "<group>";
		};
		2D16E6871FA4F8E400B85C8A /* Frameworks */ = {
			isa = PBXGroup;
			children = (
				ED297162215061F000B7C4FE /* JavaScriptCore.framework */,
				ED2971642150620600B7C4FE /* JavaScriptCore.framework */,
				EAFB55A932FE8DD605C2D531 /* libPods-shpeucfapp.a */,
				CFE7D6DD01A99F9FCF8EC96A /* libPods-shpeucfapp-shpeucfappTests.a */,
				C802C8823F8BF819B7FD53FB /* libPods-shpeucfapp-tvOS.a */,
				DB106D0EAEAB42BC39C24E9E /* libPods-shpeucfapp-tvOSTests.a */,
			);
			name = Frameworks;
			sourceTree = "<group>";
		};
		832341AE1AAA6A7D00B99B32 /* Libraries */ = {
			isa = PBXGroup;
			children = (
			);
			name = Libraries;
			sourceTree = "<group>";
		};
		83CBB9F61A601CBA00E9B192 = {
			isa = PBXGroup;
			children = (
				13B07FAE1A68108700A75B9A /* shpeucfapp */,
				832341AE1AAA6A7D00B99B32 /* Libraries */,
				00E356EF1AD99517003FC87E /* shpeucfappTests */,
				83CBBA001A601CBA00E9B192 /* Products */,
				2D16E6871FA4F8E400B85C8A /* Frameworks */,
				D7417F023B3F19D712E442C1 /* Pods */,
				458A704F8AB64D88A9B14D66 /* Resources */,
			);
			indentWidth = 2;
			sourceTree = "<group>";
			tabWidth = 2;
			usesTabs = 0;
		};
		83CBBA001A601CBA00E9B192 /* Products */ = {
			isa = PBXGroup;
			children = (
				13B07F961A680F5B00A75B9A /* shpeucfapp.app */,
				00E356EE1AD99517003FC87E /* shpeucfappTests.xctest */,
				2D02E47B1E0B4A5D006451C7 /* shpeucfapp-tvOS.app */,
				2D02E4901E0B4A5D006451C7 /* shpeucfapp-tvOSTests.xctest */,
			);
			name = Products;
			sourceTree = "<group>";
		};
		D7417F023B3F19D712E442C1 /* Pods */ = {
			isa = PBXGroup;
			children = (
				6B298430FFF8011124E46081 /* Pods-shpeucfapp.debug.xcconfig */,
				1113D8BF21EDEDCA5F69BE46 /* Pods-shpeucfapp.release.xcconfig */,
				713587D55384DCC8A5801044 /* Pods-shpeucfapp-shpeucfappTests.debug.xcconfig */,
				D6A3C435FFFC5B63E6516465 /* Pods-shpeucfapp-shpeucfappTests.release.xcconfig */,
				E095AF3FB3E7F412FA1E6BC1 /* Pods-shpeucfapp-tvOS.debug.xcconfig */,
				A2CB09D36C8D24C36CC968C4 /* Pods-shpeucfapp-tvOS.release.xcconfig */,
				969FC6D4AD18D6C6FA0A0B87 /* Pods-shpeucfapp-tvOSTests.debug.xcconfig */,
				9DABCA0A1F0E696F31BEB7D9 /* Pods-shpeucfapp-tvOSTests.release.xcconfig */,
			);
			name = Pods;
			path = Pods;
			sourceTree = "<group>";
		};
		458A704F8AB64D88A9B14D66 /* Resources */ = {
			isa = "PBXGroup";
			children = (
				48CC75C7A3BE46F2B026EC29 /* AntDesign.ttf */,
				08F650C739FA4AF4803C50FC /* Entypo.ttf */,
				DAE245F26B2B421E8D305345 /* EvilIcons.ttf */,
				C0889B128D124CE1A33954F9 /* Feather.ttf */,
				D187BE254A074E3094F78358 /* FontAwesome.ttf */,
				3F3CE5D9841D4B3FB1BA9258 /* FontAwesome5_Brands.ttf */,
				C0DAE65E7CF84E16ADD611CF /* FontAwesome5_Regular.ttf */,
				4212861B991541DB8F1D1007 /* FontAwesome5_Solid.ttf */,
				BF77CEECF1314FE781D00CA7 /* Fontisto.ttf */,
				19BA17FAD4A94594A35356EB /* Foundation.ttf */,
				45F145C84B6B42B39477B1B4 /* Ionicons.ttf */,
				4C941ABACD8D41EE9E8AC689 /* MaterialCommunityIcons.ttf */,
				D394EFFEDA254B89A4DC3B2A /* MaterialIcons.ttf */,
				E3AFF78BDF03489C93397CD0 /* Octicons.ttf */,
				8C2FEAAFE2A04B43A8E30EB8 /* SimpleLineIcons.ttf */,
				EF49AF2F111F4F5697B90651 /* Zocial.ttf */,
				81C2567EB0934B669865854D /* Univers-Condensed-Bold.TTF */,
				2D9A10801F3C4A618872C7C1 /* UniversLTPro-45Light.ttf */,
				5FF725C866D64DA1A702AB8B /* UniversLTPro-BoldCond.ttf */,
				C6FC2A2C37B64048ACF873D5 /* UniversLTPro-Condensed.ttf */,
				7BA60851EBE1456EBDBDBDD2 /* UniversLTPro-LightCond.ttf */,
				18016414C37E44A2B739F779 /* UniversCondensed-Bold.ttf */,
				213F4F7E453C4BE0B0D7229E /* UniversLTPro-Condensed-Bold.TTF */,
				2D70CD2E74A74A0798A4CBB3 /* GoogleSans-Bold.ttf */,
				4ABEC310E97E42D2AFC37547 /* GoogleSans-BoldItalic.ttf */,
				AA80308CB4F54C488DB3A00A /* GoogleSans-Italic.ttf */,
				37ADC340BA20467E9CBA102E /* GoogleSans-Medium.ttf */,
				04B9CD71D3604181897E3086 /* GoogleSans-MediumItalic.ttf */,
				5D6165F08CB4454D949669D8 /* GoogleSans-Regular.ttf */,
				80AFD0243090495AA8E63EFC /* Poppins-Black.ttf */,
				90C86C514B7B41BB935FD827 /* Poppins-BlackItalic.ttf */,
				2C004179251C44EEA729BCCF /* Poppins-Bold.ttf */,
				D393032766304016811ECDAD /* Poppins-BoldItalic.ttf */,
				018B03A510EC4FD59BBBF1F9 /* Poppins-ExtraBold.ttf */,
				B261DF841A244E519CE2041D /* Poppins-ExtraBoldItalic.ttf */,
				BC5DBDB6A12C43629DE42943 /* Poppins-ExtraLight.ttf */,
				B7863FB672F44F7896840856 /* Poppins-ExtraLightItalic.ttf */,
				B09AC91E2D4543AD9194C80E /* Poppins-Italic.ttf */,
				4C69FB6506F146F79BCB5514 /* Poppins-Light.ttf */,
				8535D92EF92140D0B9EEE814 /* Poppins-LightItalic.ttf */,
				AA856AAC68114755AD4AD5BF /* Poppins-Medium.ttf */,
				B79F0C63A1EE4491BAFA0874 /* Poppins-MediumItalic.ttf */,
				646BA98CC0E7426695072CCD /* Poppins-Regular.ttf */,
				F8489CE79B3541F2A4528CA8 /* Poppins-SemiBold.ttf */,
				5B6666A33FB24784A5B47484 /* Poppins-SemiBoldItalic.ttf */,
				7DA497424DB64EFFABCFB100 /* Poppins-Thin.ttf */,
				CE22B49C42414F89A803E7A5 /* Poppins-ThinItalic.ttf */,
			);
			name = Resources;
			sourceTree = "<group>";
			path = "";
		};
/* End PBXGroup section */

/* Begin PBXNativeTarget section */
		00E356ED1AD99517003FC87E /* shpeucfappTests */ = {
			isa = PBXNativeTarget;
			buildConfigurationList = 00E357021AD99517003FC87E /* Build configuration list for PBXNativeTarget "shpeucfappTests" */;
			buildPhases = (
				35FBCBFF0CC1C1C773D94AFF /* [CP] Check Pods Manifest.lock */,
				00E356EA1AD99517003FC87E /* Sources */,
				00E356EB1AD99517003FC87E /* Frameworks */,
				00E356EC1AD99517003FC87E /* Resources */,
				2A603495042CE4A7E8A2BFB7 /* [CP] Copy Pods Resources */,
			);
			buildRules = (
			);
			dependencies = (
				00E356F51AD99517003FC87E /* PBXTargetDependency */,
			);
			name = shpeucfappTests;
			productName = shpeucfappTests;
			productReference = 00E356EE1AD99517003FC87E /* shpeucfappTests.xctest */;
			productType = "com.apple.product-type.bundle.unit-test";
		};
		13B07F861A680F5B00A75B9A /* shpeucfapp */ = {
			isa = PBXNativeTarget;
			buildConfigurationList = 13B07F931A680F5B00A75B9A /* Build configuration list for PBXNativeTarget "shpeucfapp" */;
			buildPhases = (
				0CC9069C22C4DE1FEF09604E /* [CP] Check Pods Manifest.lock */,
				FD10A7F022414F080027D42C /* Start Packager */,
				13B07F871A680F5B00A75B9A /* Sources */,
				13B07F8C1A680F5B00A75B9A /* Frameworks */,
				13B07F8E1A680F5B00A75B9A /* Resources */,
				00DD1BFF1BD5951E006B06BC /* Bundle React Native code and images */,
				85839ED0F50E8ED61CCEF271 /* [CP] Copy Pods Resources */,
			);
			buildRules = (
			);
			dependencies = (
			);
			name = shpeucfapp;
			productName = shpeucfapp;
			productReference = 13B07F961A680F5B00A75B9A /* shpeucfapp.app */;
			productType = "com.apple.product-type.application";
		};
		2D02E47A1E0B4A5D006451C7 /* shpeucfapp-tvOS */ = {
			isa = PBXNativeTarget;
			buildConfigurationList = 2D02E4BA1E0B4A5E006451C7 /* Build configuration list for PBXNativeTarget "shpeucfapp-tvOS" */;
			buildPhases = (
				2219F62120C82582DAE2269E /* [CP] Check Pods Manifest.lock */,
				FD10A7F122414F3F0027D42C /* Start Packager */,
				2D02E4771E0B4A5D006451C7 /* Sources */,
				2D02E4781E0B4A5D006451C7 /* Frameworks */,
				2D02E4791E0B4A5D006451C7 /* Resources */,
				2D02E4CB1E0B4B27006451C7 /* Bundle React Native Code And Images */,
			);
			buildRules = (
			);
			dependencies = (
			);
			name = "shpeucfapp-tvOS";
			productName = "shpeucfapp-tvOS";
			productReference = 2D02E47B1E0B4A5D006451C7 /* shpeucfapp-tvOS.app */;
			productType = "com.apple.product-type.application";
		};
		2D02E48F1E0B4A5D006451C7 /* shpeucfapp-tvOSTests */ = {
			isa = PBXNativeTarget;
			buildConfigurationList = 2D02E4BB1E0B4A5E006451C7 /* Build configuration list for PBXNativeTarget "shpeucfapp-tvOSTests" */;
			buildPhases = (
				AA0B70185DFDA90EDA1C0ABD /* [CP] Check Pods Manifest.lock */,
				2D02E48C1E0B4A5D006451C7 /* Sources */,
				2D02E48D1E0B4A5D006451C7 /* Frameworks */,
				2D02E48E1E0B4A5D006451C7 /* Resources */,
			);
			buildRules = (
			);
			dependencies = (
				2D02E4921E0B4A5D006451C7 /* PBXTargetDependency */,
			);
			name = "shpeucfapp-tvOSTests";
			productName = "shpeucfapp-tvOSTests";
			productReference = 2D02E4901E0B4A5D006451C7 /* shpeucfapp-tvOSTests.xctest */;
			productType = "com.apple.product-type.bundle.unit-test";
		};
/* End PBXNativeTarget section */

/* Begin PBXProject section */
		83CBB9F71A601CBA00E9B192 /* Project object */ = {
			isa = PBXProject;
			attributes = {
				LastUpgradeCheck = 1130;
				TargetAttributes = {
					00E356ED1AD99517003FC87E = {
						CreatedOnToolsVersion = 6.2;
						TestTargetID = 13B07F861A680F5B00A75B9A;
					};
					13B07F861A680F5B00A75B9A = {
						LastSwiftMigration = 1120;
					};
					2D02E47A1E0B4A5D006451C7 = {
						CreatedOnToolsVersion = 8.2.1;
						ProvisioningStyle = Automatic;
					};
					2D02E48F1E0B4A5D006451C7 = {
						CreatedOnToolsVersion = 8.2.1;
						ProvisioningStyle = Automatic;
						TestTargetID = 2D02E47A1E0B4A5D006451C7;
					};
				};
			};
			buildConfigurationList = 83CBB9FA1A601CBA00E9B192 /* Build configuration list for PBXProject "shpeucfapp" */;
			compatibilityVersion = "Xcode 3.2";
			developmentRegion = en;
			hasScannedForEncodings = 0;
			knownRegions = (
				en,
				Base,
			);
			mainGroup = 83CBB9F61A601CBA00E9B192;
			productRefGroup = 83CBBA001A601CBA00E9B192 /* Products */;
			projectDirPath = "";
			projectRoot = "";
			targets = (
				13B07F861A680F5B00A75B9A /* shpeucfapp */,
				00E356ED1AD99517003FC87E /* shpeucfappTests */,
				2D02E47A1E0B4A5D006451C7 /* shpeucfapp-tvOS */,
				2D02E48F1E0B4A5D006451C7 /* shpeucfapp-tvOSTests */,
			);
		};
/* End PBXProject section */

/* Begin PBXResourcesBuildPhase section */
		00E356EC1AD99517003FC87E /* Resources */ = {
			isa = PBXResourcesBuildPhase;
			buildActionMask = 2147483647;
			files = (
			);
			runOnlyForDeploymentPostprocessing = 0;
		};
		13B07F8E1A680F5B00A75B9A /* Resources */ = {
			isa = PBXResourcesBuildPhase;
			buildActionMask = 2147483647;
			files = (
				81AB9BB82411601600AC10FF /* LaunchScreen.storyboard in Resources */,
				13B07FBF1A68108700A75B9A /* Images.xcassets in Resources */,
				6D63DF4BDF6A42B89C047186 /* AntDesign.ttf in Resources */,
				AE71939A754D432887AA8863 /* Entypo.ttf in Resources */,
				25B4C2EB7A54457BBDC20878 /* EvilIcons.ttf in Resources */,
				32B2C8A3646A49329E6C265C /* Feather.ttf in Resources */,
				8AB830A6CE284DC681B428BD /* FontAwesome.ttf in Resources */,
				EFE41CE8A90049EBAAF1AF9A /* FontAwesome5_Brands.ttf in Resources */,
				AF513A09C183402387B5A837 /* FontAwesome5_Regular.ttf in Resources */,
				2F2A34AF632E432FB837DF0A /* FontAwesome5_Solid.ttf in Resources */,
				0A6A6182598B4BCBB03BF007 /* Fontisto.ttf in Resources */,
				96A2B0285C174506A2473927 /* Foundation.ttf in Resources */,
				79AC056BEEA1424FB4D8AF3F /* Ionicons.ttf in Resources */,
				BEE7C1DF1F91424E89695D37 /* MaterialCommunityIcons.ttf in Resources */,
				DB99FB1A481548D4858B55D2 /* MaterialIcons.ttf in Resources */,
				1023DB6ECD4143958121C2B8 /* Octicons.ttf in Resources */,
				BC1BF06F411348FFA3AB2503 /* SimpleLineIcons.ttf in Resources */,
				81BAD9EA356049AAB84C5465 /* Zocial.ttf in Resources */,
				684F10510C2A455AB7BA870A /* Univers-Condensed-Bold.TTF in Resources */,
				8BBDDFDA859946AFACD7186C /* UniversLTPro-45Light.ttf in Resources */,
				DF9951AE1A024007BB2B5F17 /* UniversLTPro-BoldCond.ttf in Resources */,
				18EFE5A84CDF42CDBAF26C78 /* UniversLTPro-Condensed.ttf in Resources */,
				68F4C363DFA84D3D8D290D4F /* UniversLTPro-LightCond.ttf in Resources */,
				7D90718585BC40AD8BB00282 /* UniversCondensed-Bold.ttf in Resources */,
				E653A492963B447E9A93C521 /* UniversLTPro-Condensed-Bold.TTF in Resources */,
				470DD5CCDA794BF79CBC2B00 /* GoogleSans-Bold.ttf in Resources */,
				D552399103454B71B0821F77 /* GoogleSans-BoldItalic.ttf in Resources */,
				205C0D4755D84C59864F6210 /* GoogleSans-Italic.ttf in Resources */,
				C732A9C0BB124A2194C52CAD /* GoogleSans-Medium.ttf in Resources */,
				B49C8DBD621C478B84ADEA9C /* GoogleSans-MediumItalic.ttf in Resources */,
				3E1F7CD4B6A54805B04A712D /* GoogleSans-Regular.ttf in Resources */,
				5967FED662AA443F9803FE07 /* Poppins-Black.ttf in Resources */,
				A6D586EA651B4118A18FD993 /* Poppins-BlackItalic.ttf in Resources */,
				76800FECD04C4829A50E1C50 /* Poppins-Bold.ttf in Resources */,
				BF2673BFA0FD4474A221D0AD /* Poppins-BoldItalic.ttf in Resources */,
				F89A85FB80774C55A785DA91 /* Poppins-ExtraBold.ttf in Resources */,
				0CA6A0E6C4E24C25B57BEBB0 /* Poppins-ExtraBoldItalic.ttf in Resources */,
				222D4FA3E92E43499155018A /* Poppins-ExtraLight.ttf in Resources */,
				FA3059EE9A5541FABD2916EE /* Poppins-ExtraLightItalic.ttf in Resources */,
				01BDF3EBF73F4204A4432F33 /* Poppins-Italic.ttf in Resources */,
				DC7B2F9984234FA8A39BF83D /* Poppins-Light.ttf in Resources */,
				2B8AFAD376D942CC934073EC /* Poppins-LightItalic.ttf in Resources */,
				6A8E127093DC409FB97EDC75 /* Poppins-Medium.ttf in Resources */,
				C6B4D0E838B74F1393DBC0E2 /* Poppins-MediumItalic.ttf in Resources */,
				441D4BB7BA5240A481332746 /* Poppins-Regular.ttf in Resources */,
				55BDB7F9E1C0417BAF2C190B /* Poppins-SemiBold.ttf in Resources */,
				CDB9D17ECA014BBFAE7B9125 /* Poppins-SemiBoldItalic.ttf in Resources */,
				842F0A053B9549FCB774A64D /* Poppins-Thin.ttf in Resources */,
				5540C68EEB37417691B49DF2 /* Poppins-ThinItalic.ttf in Resources */,
			);
			runOnlyForDeploymentPostprocessing = 0;
		};
		2D02E4791E0B4A5D006451C7 /* Resources */ = {
			isa = PBXResourcesBuildPhase;
			buildActionMask = 2147483647;
			files = (
				2D02E4BD1E0B4A84006451C7 /* Images.xcassets in Resources */,
			);
			runOnlyForDeploymentPostprocessing = 0;
		};
		2D02E48E1E0B4A5D006451C7 /* Resources */ = {
			isa = PBXResourcesBuildPhase;
			buildActionMask = 2147483647;
			files = (
			);
			runOnlyForDeploymentPostprocessing = 0;
		};
/* End PBXResourcesBuildPhase section */

/* Begin PBXShellScriptBuildPhase section */
		00DD1BFF1BD5951E006B06BC /* Bundle React Native code and images */ = {
			isa = PBXShellScriptBuildPhase;
			buildActionMask = 2147483647;
			files = (
			);
			inputPaths = (
			);
			name = "Bundle React Native code and images";
			outputPaths = (
			);
			runOnlyForDeploymentPostprocessing = 0;
			shellPath = /bin/sh;
			shellScript = "export NODE_BINARY=node\n../node_modules/react-native/scripts/react-native-xcode.sh";
		};
		0CC9069C22C4DE1FEF09604E /* [CP] Check Pods Manifest.lock */ = {
			isa = PBXShellScriptBuildPhase;
			buildActionMask = 2147483647;
			files = (
			);
			inputFileListPaths = (
			);
			inputPaths = (
				"${PODS_PODFILE_DIR_PATH}/Podfile.lock",
				"${PODS_ROOT}/Manifest.lock",
			);
			name = "[CP] Check Pods Manifest.lock";
			outputFileListPaths = (
			);
			outputPaths = (
				"$(DERIVED_FILE_DIR)/Pods-shpeucfapp-checkManifestLockResult.txt",
			);
			runOnlyForDeploymentPostprocessing = 0;
			shellPath = /bin/sh;
			shellScript = "diff \"${PODS_PODFILE_DIR_PATH}/Podfile.lock\" \"${PODS_ROOT}/Manifest.lock\" > /dev/null\nif [ $? != 0 ] ; then\n    # print error to STDERR\n    echo \"error: The sandbox is not in sync with the Podfile.lock. Run 'pod install' or update your CocoaPods installation.\" >&2\n    exit 1\nfi\n# This output is used by Xcode 'outputs' to avoid re-running this script phase.\necho \"SUCCESS\" > \"${SCRIPT_OUTPUT_FILE_0}\"\n";
			showEnvVarsInLog = 0;
		};
		2219F62120C82582DAE2269E /* [CP] Check Pods Manifest.lock */ = {
			isa = PBXShellScriptBuildPhase;
			buildActionMask = 2147483647;
			files = (
			);
			inputFileListPaths = (
			);
			inputPaths = (
				"${PODS_PODFILE_DIR_PATH}/Podfile.lock",
				"${PODS_ROOT}/Manifest.lock",
			);
			name = "[CP] Check Pods Manifest.lock";
			outputFileListPaths = (
			);
			outputPaths = (
				"$(DERIVED_FILE_DIR)/Pods-shpeucfapp-tvOS-checkManifestLockResult.txt",
			);
			runOnlyForDeploymentPostprocessing = 0;
			shellPath = /bin/sh;
			shellScript = "diff \"${PODS_PODFILE_DIR_PATH}/Podfile.lock\" \"${PODS_ROOT}/Manifest.lock\" > /dev/null\nif [ $? != 0 ] ; then\n    # print error to STDERR\n    echo \"error: The sandbox is not in sync with the Podfile.lock. Run 'pod install' or update your CocoaPods installation.\" >&2\n    exit 1\nfi\n# This output is used by Xcode 'outputs' to avoid re-running this script phase.\necho \"SUCCESS\" > \"${SCRIPT_OUTPUT_FILE_0}\"\n";
			showEnvVarsInLog = 0;
		};
		2A603495042CE4A7E8A2BFB7 /* [CP] Copy Pods Resources */ = {
			isa = PBXShellScriptBuildPhase;
			buildActionMask = 2147483647;
			files = (
			);
			inputPaths = (
				"${PODS_ROOT}/Target Support Files/Pods-shpeucfapp-shpeucfappTests/Pods-shpeucfapp-shpeucfappTests-resources.sh",
				"${PODS_CONFIGURATION_BUILD_DIR}/RNImageCropPicker/QBImagePicker.bundle",
				"${PODS_ROOT}/../../node_modules/react-native-vector-icons/Fonts/AntDesign.ttf",
				"${PODS_ROOT}/../../node_modules/react-native-vector-icons/Fonts/Entypo.ttf",
				"${PODS_ROOT}/../../node_modules/react-native-vector-icons/Fonts/EvilIcons.ttf",
				"${PODS_ROOT}/../../node_modules/react-native-vector-icons/Fonts/Feather.ttf",
				"${PODS_ROOT}/../../node_modules/react-native-vector-icons/Fonts/FontAwesome.ttf",
				"${PODS_ROOT}/../../node_modules/react-native-vector-icons/Fonts/FontAwesome5_Brands.ttf",
				"${PODS_ROOT}/../../node_modules/react-native-vector-icons/Fonts/FontAwesome5_Regular.ttf",
				"${PODS_ROOT}/../../node_modules/react-native-vector-icons/Fonts/FontAwesome5_Solid.ttf",
				"${PODS_ROOT}/../../node_modules/react-native-vector-icons/Fonts/Fontisto.ttf",
				"${PODS_ROOT}/../../node_modules/react-native-vector-icons/Fonts/Foundation.ttf",
				"${PODS_ROOT}/../../node_modules/react-native-vector-icons/Fonts/Ionicons.ttf",
				"${PODS_ROOT}/../../node_modules/react-native-vector-icons/Fonts/MaterialCommunityIcons.ttf",
				"${PODS_ROOT}/../../node_modules/react-native-vector-icons/Fonts/MaterialIcons.ttf",
				"${PODS_ROOT}/../../node_modules/react-native-vector-icons/Fonts/Octicons.ttf",
				"${PODS_ROOT}/../../node_modules/react-native-vector-icons/Fonts/SimpleLineIcons.ttf",
				"${PODS_ROOT}/../../node_modules/react-native-vector-icons/Fonts/Zocial.ttf",
				"${PODS_CONFIGURATION_BUILD_DIR}/React-Core/AccessibilityResources.bundle",
				"${PODS_CONFIGURATION_BUILD_DIR}/TOCropViewController/TOCropViewControllerBundle.bundle",
			);
			name = "[CP] Copy Pods Resources";
			outputPaths = (
				"${TARGET_BUILD_DIR}/${UNLOCALIZED_RESOURCES_FOLDER_PATH}/QBImagePicker.bundle",
				"${TARGET_BUILD_DIR}/${UNLOCALIZED_RESOURCES_FOLDER_PATH}/AntDesign.ttf",
				"${TARGET_BUILD_DIR}/${UNLOCALIZED_RESOURCES_FOLDER_PATH}/Entypo.ttf",
				"${TARGET_BUILD_DIR}/${UNLOCALIZED_RESOURCES_FOLDER_PATH}/EvilIcons.ttf",
				"${TARGET_BUILD_DIR}/${UNLOCALIZED_RESOURCES_FOLDER_PATH}/Feather.ttf",
				"${TARGET_BUILD_DIR}/${UNLOCALIZED_RESOURCES_FOLDER_PATH}/FontAwesome.ttf",
				"${TARGET_BUILD_DIR}/${UNLOCALIZED_RESOURCES_FOLDER_PATH}/FontAwesome5_Brands.ttf",
				"${TARGET_BUILD_DIR}/${UNLOCALIZED_RESOURCES_FOLDER_PATH}/FontAwesome5_Regular.ttf",
				"${TARGET_BUILD_DIR}/${UNLOCALIZED_RESOURCES_FOLDER_PATH}/FontAwesome5_Solid.ttf",
				"${TARGET_BUILD_DIR}/${UNLOCALIZED_RESOURCES_FOLDER_PATH}/Fontisto.ttf",
				"${TARGET_BUILD_DIR}/${UNLOCALIZED_RESOURCES_FOLDER_PATH}/Foundation.ttf",
				"${TARGET_BUILD_DIR}/${UNLOCALIZED_RESOURCES_FOLDER_PATH}/Ionicons.ttf",
				"${TARGET_BUILD_DIR}/${UNLOCALIZED_RESOURCES_FOLDER_PATH}/MaterialCommunityIcons.ttf",
				"${TARGET_BUILD_DIR}/${UNLOCALIZED_RESOURCES_FOLDER_PATH}/MaterialIcons.ttf",
				"${TARGET_BUILD_DIR}/${UNLOCALIZED_RESOURCES_FOLDER_PATH}/Octicons.ttf",
				"${TARGET_BUILD_DIR}/${UNLOCALIZED_RESOURCES_FOLDER_PATH}/SimpleLineIcons.ttf",
				"${TARGET_BUILD_DIR}/${UNLOCALIZED_RESOURCES_FOLDER_PATH}/Zocial.ttf",
				"${TARGET_BUILD_DIR}/${UNLOCALIZED_RESOURCES_FOLDER_PATH}/AccessibilityResources.bundle",
				"${TARGET_BUILD_DIR}/${UNLOCALIZED_RESOURCES_FOLDER_PATH}/TOCropViewControllerBundle.bundle",
			);
			runOnlyForDeploymentPostprocessing = 0;
			shellPath = /bin/sh;
			shellScript = "\"${PODS_ROOT}/Target Support Files/Pods-shpeucfapp-shpeucfappTests/Pods-shpeucfapp-shpeucfappTests-resources.sh\"\n";
			showEnvVarsInLog = 0;
		};
		2D02E4CB1E0B4B27006451C7 /* Bundle React Native Code And Images */ = {
			isa = PBXShellScriptBuildPhase;
			buildActionMask = 2147483647;
			files = (
			);
			inputPaths = (
			);
			name = "Bundle React Native Code And Images";
			outputPaths = (
			);
			runOnlyForDeploymentPostprocessing = 0;
			shellPath = /bin/sh;
			shellScript = "export NODE_BINARY=node\n../node_modules/react-native/scripts/react-native-xcode.sh";
		};
		35FBCBFF0CC1C1C773D94AFF /* [CP] Check Pods Manifest.lock */ = {
			isa = PBXShellScriptBuildPhase;
			buildActionMask = 2147483647;
			files = (
			);
			inputFileListPaths = (
			);
			inputPaths = (
				"${PODS_PODFILE_DIR_PATH}/Podfile.lock",
				"${PODS_ROOT}/Manifest.lock",
			);
			name = "[CP] Check Pods Manifest.lock";
			outputFileListPaths = (
			);
			outputPaths = (
				"$(DERIVED_FILE_DIR)/Pods-shpeucfapp-shpeucfappTests-checkManifestLockResult.txt",
			);
			runOnlyForDeploymentPostprocessing = 0;
			shellPath = /bin/sh;
			shellScript = "diff \"${PODS_PODFILE_DIR_PATH}/Podfile.lock\" \"${PODS_ROOT}/Manifest.lock\" > /dev/null\nif [ $? != 0 ] ; then\n    # print error to STDERR\n    echo \"error: The sandbox is not in sync with the Podfile.lock. Run 'pod install' or update your CocoaPods installation.\" >&2\n    exit 1\nfi\n# This output is used by Xcode 'outputs' to avoid re-running this script phase.\necho \"SUCCESS\" > \"${SCRIPT_OUTPUT_FILE_0}\"\n";
			showEnvVarsInLog = 0;
		};
		85839ED0F50E8ED61CCEF271 /* [CP] Copy Pods Resources */ = {
			isa = PBXShellScriptBuildPhase;
			buildActionMask = 2147483647;
			files = (
			);
			inputPaths = (
				"${PODS_ROOT}/Target Support Files/Pods-shpeucfapp/Pods-shpeucfapp-resources.sh",
				"${PODS_CONFIGURATION_BUILD_DIR}/RNImageCropPicker/QBImagePicker.bundle",
				"${PODS_ROOT}/../../node_modules/react-native-vector-icons/Fonts/AntDesign.ttf",
				"${PODS_ROOT}/../../node_modules/react-native-vector-icons/Fonts/Entypo.ttf",
				"${PODS_ROOT}/../../node_modules/react-native-vector-icons/Fonts/EvilIcons.ttf",
				"${PODS_ROOT}/../../node_modules/react-native-vector-icons/Fonts/Feather.ttf",
				"${PODS_ROOT}/../../node_modules/react-native-vector-icons/Fonts/FontAwesome.ttf",
				"${PODS_ROOT}/../../node_modules/react-native-vector-icons/Fonts/FontAwesome5_Brands.ttf",
				"${PODS_ROOT}/../../node_modules/react-native-vector-icons/Fonts/FontAwesome5_Regular.ttf",
				"${PODS_ROOT}/../../node_modules/react-native-vector-icons/Fonts/FontAwesome5_Solid.ttf",
				"${PODS_ROOT}/../../node_modules/react-native-vector-icons/Fonts/Fontisto.ttf",
				"${PODS_ROOT}/../../node_modules/react-native-vector-icons/Fonts/Foundation.ttf",
				"${PODS_ROOT}/../../node_modules/react-native-vector-icons/Fonts/Ionicons.ttf",
				"${PODS_ROOT}/../../node_modules/react-native-vector-icons/Fonts/MaterialCommunityIcons.ttf",
				"${PODS_ROOT}/../../node_modules/react-native-vector-icons/Fonts/MaterialIcons.ttf",
				"${PODS_ROOT}/../../node_modules/react-native-vector-icons/Fonts/Octicons.ttf",
				"${PODS_ROOT}/../../node_modules/react-native-vector-icons/Fonts/SimpleLineIcons.ttf",
				"${PODS_ROOT}/../../node_modules/react-native-vector-icons/Fonts/Zocial.ttf",
				"${PODS_CONFIGURATION_BUILD_DIR}/React-Core/AccessibilityResources.bundle",
				"${PODS_CONFIGURATION_BUILD_DIR}/TOCropViewController/TOCropViewControllerBundle.bundle",
			);
			name = "[CP] Copy Pods Resources";
			outputPaths = (
				"${TARGET_BUILD_DIR}/${UNLOCALIZED_RESOURCES_FOLDER_PATH}/QBImagePicker.bundle",
				"${TARGET_BUILD_DIR}/${UNLOCALIZED_RESOURCES_FOLDER_PATH}/AntDesign.ttf",
				"${TARGET_BUILD_DIR}/${UNLOCALIZED_RESOURCES_FOLDER_PATH}/Entypo.ttf",
				"${TARGET_BUILD_DIR}/${UNLOCALIZED_RESOURCES_FOLDER_PATH}/EvilIcons.ttf",
				"${TARGET_BUILD_DIR}/${UNLOCALIZED_RESOURCES_FOLDER_PATH}/Feather.ttf",
				"${TARGET_BUILD_DIR}/${UNLOCALIZED_RESOURCES_FOLDER_PATH}/FontAwesome.ttf",
				"${TARGET_BUILD_DIR}/${UNLOCALIZED_RESOURCES_FOLDER_PATH}/FontAwesome5_Brands.ttf",
				"${TARGET_BUILD_DIR}/${UNLOCALIZED_RESOURCES_FOLDER_PATH}/FontAwesome5_Regular.ttf",
				"${TARGET_BUILD_DIR}/${UNLOCALIZED_RESOURCES_FOLDER_PATH}/FontAwesome5_Solid.ttf",
				"${TARGET_BUILD_DIR}/${UNLOCALIZED_RESOURCES_FOLDER_PATH}/Fontisto.ttf",
				"${TARGET_BUILD_DIR}/${UNLOCALIZED_RESOURCES_FOLDER_PATH}/Foundation.ttf",
				"${TARGET_BUILD_DIR}/${UNLOCALIZED_RESOURCES_FOLDER_PATH}/Ionicons.ttf",
				"${TARGET_BUILD_DIR}/${UNLOCALIZED_RESOURCES_FOLDER_PATH}/MaterialCommunityIcons.ttf",
				"${TARGET_BUILD_DIR}/${UNLOCALIZED_RESOURCES_FOLDER_PATH}/MaterialIcons.ttf",
				"${TARGET_BUILD_DIR}/${UNLOCALIZED_RESOURCES_FOLDER_PATH}/Octicons.ttf",
				"${TARGET_BUILD_DIR}/${UNLOCALIZED_RESOURCES_FOLDER_PATH}/SimpleLineIcons.ttf",
				"${TARGET_BUILD_DIR}/${UNLOCALIZED_RESOURCES_FOLDER_PATH}/Zocial.ttf",
				"${TARGET_BUILD_DIR}/${UNLOCALIZED_RESOURCES_FOLDER_PATH}/AccessibilityResources.bundle",
				"${TARGET_BUILD_DIR}/${UNLOCALIZED_RESOURCES_FOLDER_PATH}/TOCropViewControllerBundle.bundle",
			);
			runOnlyForDeploymentPostprocessing = 0;
			shellPath = /bin/sh;
			shellScript = "\"${PODS_ROOT}/Target Support Files/Pods-shpeucfapp/Pods-shpeucfapp-resources.sh\"\n";
			showEnvVarsInLog = 0;
		};
		AA0B70185DFDA90EDA1C0ABD /* [CP] Check Pods Manifest.lock */ = {
			isa = PBXShellScriptBuildPhase;
			buildActionMask = 2147483647;
			files = (
			);
			inputFileListPaths = (
			);
			inputPaths = (
				"${PODS_PODFILE_DIR_PATH}/Podfile.lock",
				"${PODS_ROOT}/Manifest.lock",
			);
			name = "[CP] Check Pods Manifest.lock";
			outputFileListPaths = (
			);
			outputPaths = (
				"$(DERIVED_FILE_DIR)/Pods-shpeucfapp-tvOSTests-checkManifestLockResult.txt",
			);
			runOnlyForDeploymentPostprocessing = 0;
			shellPath = /bin/sh;
			shellScript = "diff \"${PODS_PODFILE_DIR_PATH}/Podfile.lock\" \"${PODS_ROOT}/Manifest.lock\" > /dev/null\nif [ $? != 0 ] ; then\n    # print error to STDERR\n    echo \"error: The sandbox is not in sync with the Podfile.lock. Run 'pod install' or update your CocoaPods installation.\" >&2\n    exit 1\nfi\n# This output is used by Xcode 'outputs' to avoid re-running this script phase.\necho \"SUCCESS\" > \"${SCRIPT_OUTPUT_FILE_0}\"\n";
			showEnvVarsInLog = 0;
		};
		FD10A7F022414F080027D42C /* Start Packager */ = {
			isa = PBXShellScriptBuildPhase;
			buildActionMask = 2147483647;
			files = (
			);
			inputFileListPaths = (
			);
			inputPaths = (
			);
			name = "Start Packager";
			outputFileListPaths = (
			);
			outputPaths = (
			);
			runOnlyForDeploymentPostprocessing = 0;
			shellPath = /bin/sh;
			shellScript = "export RCT_METRO_PORT=\"${RCT_METRO_PORT:=8081}\"\necho \"export RCT_METRO_PORT=${RCT_METRO_PORT}\" > \"${SRCROOT}/../node_modules/react-native/scripts/.packager.env\"\nif [ -z \"${RCT_NO_LAUNCH_PACKAGER+xxx}\" ] ; then\n  if nc -w 5 -z localhost ${RCT_METRO_PORT} ; then\n    if ! curl -s \"http://localhost:${RCT_METRO_PORT}/status\" | grep -q \"packager-status:running\" ; then\n      echo \"Port ${RCT_METRO_PORT} already in use, packager is either not running or not running correctly\"\n      exit 2\n    fi\n  else\n    open \"$SRCROOT/../node_modules/react-native/scripts/launchPackager.command\" || echo \"Can't start packager automatically\"\n  fi\nfi\n";
			showEnvVarsInLog = 0;
		};
		FD10A7F122414F3F0027D42C /* Start Packager */ = {
			isa = PBXShellScriptBuildPhase;
			buildActionMask = 2147483647;
			files = (
			);
			inputFileListPaths = (
			);
			inputPaths = (
			);
			name = "Start Packager";
			outputFileListPaths = (
			);
			outputPaths = (
			);
			runOnlyForDeploymentPostprocessing = 0;
			shellPath = /bin/sh;
			shellScript = "export RCT_METRO_PORT=\"${RCT_METRO_PORT:=8081}\"\necho \"export RCT_METRO_PORT=${RCT_METRO_PORT}\" > \"${SRCROOT}/../node_modules/react-native/scripts/.packager.env\"\nif [ -z \"${RCT_NO_LAUNCH_PACKAGER+xxx}\" ] ; then\n  if nc -w 5 -z localhost ${RCT_METRO_PORT} ; then\n    if ! curl -s \"http://localhost:${RCT_METRO_PORT}/status\" | grep -q \"packager-status:running\" ; then\n      echo \"Port ${RCT_METRO_PORT} already in use, packager is either not running or not running correctly\"\n      exit 2\n    fi\n  else\n    open \"$SRCROOT/../node_modules/react-native/scripts/launchPackager.command\" || echo \"Can't start packager automatically\"\n  fi\nfi\n";
			showEnvVarsInLog = 0;
		};
/* End PBXShellScriptBuildPhase section */

/* Begin PBXSourcesBuildPhase section */
		00E356EA1AD99517003FC87E /* Sources */ = {
			isa = PBXSourcesBuildPhase;
			buildActionMask = 2147483647;
			files = (
				00E356F31AD99517003FC87E /* shpeucfappTests.m in Sources */,
			);
			runOnlyForDeploymentPostprocessing = 0;
		};
		13B07F871A680F5B00A75B9A /* Sources */ = {
			isa = PBXSourcesBuildPhase;
			buildActionMask = 2147483647;
			files = (
				13B07FBC1A68108700A75B9A /* AppDelegate.m in Sources */,
				13B07FC11A68108700A75B9A /* main.m in Sources */,
			);
			runOnlyForDeploymentPostprocessing = 0;
		};
		2D02E4771E0B4A5D006451C7 /* Sources */ = {
			isa = PBXSourcesBuildPhase;
			buildActionMask = 2147483647;
			files = (
				2D02E4BF1E0B4AB3006451C7 /* main.m in Sources */,
				2D02E4BC1E0B4A80006451C7 /* AppDelegate.m in Sources */,
			);
			runOnlyForDeploymentPostprocessing = 0;
		};
		2D02E48C1E0B4A5D006451C7 /* Sources */ = {
			isa = PBXSourcesBuildPhase;
			buildActionMask = 2147483647;
			files = (
				2DCD954D1E0B4F2C00145EB5 /* shpeucfappTests.m in Sources */,
			);
			runOnlyForDeploymentPostprocessing = 0;
		};
/* End PBXSourcesBuildPhase section */

/* Begin PBXTargetDependency section */
		00E356F51AD99517003FC87E /* PBXTargetDependency */ = {
			isa = PBXTargetDependency;
			target = 13B07F861A680F5B00A75B9A /* shpeucfapp */;
			targetProxy = 00E356F41AD99517003FC87E /* PBXContainerItemProxy */;
		};
		2D02E4921E0B4A5D006451C7 /* PBXTargetDependency */ = {
			isa = PBXTargetDependency;
			target = 2D02E47A1E0B4A5D006451C7 /* shpeucfapp-tvOS */;
			targetProxy = 2D02E4911E0B4A5D006451C7 /* PBXContainerItemProxy */;
		};
/* End PBXTargetDependency section */

/* Begin XCBuildConfiguration section */
		00E356F61AD99517003FC87E /* Debug */ = {
			isa = XCBuildConfiguration;
			baseConfigurationReference = 713587D55384DCC8A5801044 /* Pods-shpeucfapp-shpeucfappTests.debug.xcconfig */;
			buildSettings = {
				BUNDLE_LOADER = "$(TEST_HOST)";
				GCC_PREPROCESSOR_DEFINITIONS = (
					"DEBUG=1",
					"$(inherited)",
				);
				INFOPLIST_FILE = shpeucfappTests/Info.plist;
				IPHONEOS_DEPLOYMENT_TARGET = 10.0;
				LD_RUNPATH_SEARCH_PATHS = "$(inherited) @executable_path/Frameworks @loader_path/Frameworks";
				OTHER_LDFLAGS = (
					"-ObjC",
					"-lc++",
					"$(inherited)",
				);
				PRODUCT_BUNDLE_IDENTIFIER = "org.reactjs.native.example.$(PRODUCT_NAME:rfc1034identifier)";
				PRODUCT_NAME = "$(TARGET_NAME)";
				TEST_HOST = "$(BUILT_PRODUCTS_DIR)/shpeucfapp.app/shpeucfapp";
			};
			name = Debug;
		};
		00E356F71AD99517003FC87E /* Release */ = {
			isa = XCBuildConfiguration;
			baseConfigurationReference = D6A3C435FFFC5B63E6516465 /* Pods-shpeucfapp-shpeucfappTests.release.xcconfig */;
			buildSettings = {
				BUNDLE_LOADER = "$(TEST_HOST)";
				COPY_PHASE_STRIP = NO;
				INFOPLIST_FILE = shpeucfappTests/Info.plist;
				IPHONEOS_DEPLOYMENT_TARGET = 10.0;
				LD_RUNPATH_SEARCH_PATHS = "$(inherited) @executable_path/Frameworks @loader_path/Frameworks";
				OTHER_LDFLAGS = (
					"-ObjC",
					"-lc++",
					"$(inherited)",
				);
				PRODUCT_BUNDLE_IDENTIFIER = "org.reactjs.native.example.$(PRODUCT_NAME:rfc1034identifier)";
				PRODUCT_NAME = "$(TARGET_NAME)";
				TEST_HOST = "$(BUILT_PRODUCTS_DIR)/shpeucfapp.app/shpeucfapp";
			};
			name = Release;
		};
		13B07F941A680F5B00A75B9A /* Debug */ = {
			isa = XCBuildConfiguration;
			baseConfigurationReference = 6B298430FFF8011124E46081 /* Pods-shpeucfapp.debug.xcconfig */;
			buildSettings = {
				ASSETCATALOG_COMPILER_APPICON_NAME = AppIcon;
				CLANG_ENABLE_MODULES = YES;
				CURRENT_PROJECT_VERSION = 1;
				ENABLE_BITCODE = NO;
				INFOPLIST_FILE = shpeucfapp/Info.plist;
				LD_RUNPATH_SEARCH_PATHS = "$(inherited) @executable_path/Frameworks";
				OTHER_LDFLAGS = (
					"$(inherited)",
					"-ObjC",
					"-lc++",
				);
				PRODUCT_BUNDLE_IDENTIFIER = "org.reactjs.native.example.$(PRODUCT_NAME:rfc1034identifier)";
				PRODUCT_NAME = shpeucfapp;
				SWIFT_OPTIMIZATION_LEVEL = "-Onone";
				SWIFT_VERSION = 5.0;
				VERSIONING_SYSTEM = "apple-generic";
			};
			name = Debug;
		};
		13B07F951A680F5B00A75B9A /* Release */ = {
			isa = XCBuildConfiguration;
			baseConfigurationReference = 1113D8BF21EDEDCA5F69BE46 /* Pods-shpeucfapp.release.xcconfig */;
			buildSettings = {
				ASSETCATALOG_COMPILER_APPICON_NAME = AppIcon;
				CLANG_ENABLE_MODULES = YES;
				CURRENT_PROJECT_VERSION = 1;
				INFOPLIST_FILE = shpeucfapp/Info.plist;
				LD_RUNPATH_SEARCH_PATHS = "$(inherited) @executable_path/Frameworks";
				OTHER_LDFLAGS = (
					"$(inherited)",
					"-ObjC",
					"-lc++",
				);
				PRODUCT_BUNDLE_IDENTIFIER = "org.reactjs.native.example.$(PRODUCT_NAME:rfc1034identifier)";
				PRODUCT_NAME = shpeucfapp;
				SWIFT_VERSION = 5.0;
				VERSIONING_SYSTEM = "apple-generic";
			};
			name = Release;
		};
		2D02E4971E0B4A5E006451C7 /* Debug */ = {
			isa = XCBuildConfiguration;
			baseConfigurationReference = E095AF3FB3E7F412FA1E6BC1 /* Pods-shpeucfapp-tvOS.debug.xcconfig */;
			buildSettings = {
				ASSETCATALOG_COMPILER_APPICON_NAME = "App Icon & Top Shelf Image";
				ASSETCATALOG_COMPILER_LAUNCHIMAGE_NAME = LaunchImage;
				CLANG_ANALYZER_NONNULL = YES;
				CLANG_WARN_DOCUMENTATION_COMMENTS = YES;
				CLANG_WARN_INFINITE_RECURSION = YES;
				CLANG_WARN_SUSPICIOUS_MOVE = YES;
				DEBUG_INFORMATION_FORMAT = dwarf;
				ENABLE_TESTABILITY = YES;
				GCC_NO_COMMON_BLOCKS = YES;
				INFOPLIST_FILE = "shpeucfapp-tvOS/Info.plist";
				LD_RUNPATH_SEARCH_PATHS = "$(inherited) @executable_path/Frameworks";
				OTHER_LDFLAGS = (
					"$(inherited)",
					"-ObjC",
					"-lc++",
				);
				PRODUCT_BUNDLE_IDENTIFIER = "org.reactjs.native.example.shpeucfapp-tvOS";
				PRODUCT_NAME = "$(TARGET_NAME)";
				SDKROOT = appletvos;
				TARGETED_DEVICE_FAMILY = 3;
				TVOS_DEPLOYMENT_TARGET = 10.0;
			};
			name = Debug;
		};
		2D02E4981E0B4A5E006451C7 /* Release */ = {
			isa = XCBuildConfiguration;
			baseConfigurationReference = A2CB09D36C8D24C36CC968C4 /* Pods-shpeucfapp-tvOS.release.xcconfig */;
			buildSettings = {
				ASSETCATALOG_COMPILER_APPICON_NAME = "App Icon & Top Shelf Image";
				ASSETCATALOG_COMPILER_LAUNCHIMAGE_NAME = LaunchImage;
				CLANG_ANALYZER_NONNULL = YES;
				CLANG_WARN_DOCUMENTATION_COMMENTS = YES;
				CLANG_WARN_INFINITE_RECURSION = YES;
				CLANG_WARN_SUSPICIOUS_MOVE = YES;
				COPY_PHASE_STRIP = NO;
				DEBUG_INFORMATION_FORMAT = "dwarf-with-dsym";
				GCC_NO_COMMON_BLOCKS = YES;
				INFOPLIST_FILE = "shpeucfapp-tvOS/Info.plist";
				LD_RUNPATH_SEARCH_PATHS = "$(inherited) @executable_path/Frameworks";
				OTHER_LDFLAGS = (
					"$(inherited)",
					"-ObjC",
					"-lc++",
				);
				PRODUCT_BUNDLE_IDENTIFIER = "org.reactjs.native.example.shpeucfapp-tvOS";
				PRODUCT_NAME = "$(TARGET_NAME)";
				SDKROOT = appletvos;
				TARGETED_DEVICE_FAMILY = 3;
				TVOS_DEPLOYMENT_TARGET = 10.0;
			};
			name = Release;
		};
		2D02E4991E0B4A5E006451C7 /* Debug */ = {
			isa = XCBuildConfiguration;
			baseConfigurationReference = 969FC6D4AD18D6C6FA0A0B87 /* Pods-shpeucfapp-tvOSTests.debug.xcconfig */;
			buildSettings = {
				BUNDLE_LOADER = "$(TEST_HOST)";
				CLANG_ANALYZER_NONNULL = YES;
				CLANG_WARN_DOCUMENTATION_COMMENTS = YES;
				CLANG_WARN_INFINITE_RECURSION = YES;
				CLANG_WARN_SUSPICIOUS_MOVE = YES;
				DEBUG_INFORMATION_FORMAT = dwarf;
				ENABLE_TESTABILITY = YES;
				GCC_NO_COMMON_BLOCKS = YES;
				INFOPLIST_FILE = "shpeucfapp-tvOSTests/Info.plist";
				LD_RUNPATH_SEARCH_PATHS = "$(inherited) @executable_path/Frameworks @loader_path/Frameworks";
				OTHER_LDFLAGS = (
					"$(inherited)",
					"-ObjC",
					"-lc++",
				);
				PRODUCT_BUNDLE_IDENTIFIER = "org.reactjs.native.example.shpeucfapp-tvOSTests";
				PRODUCT_NAME = "$(TARGET_NAME)";
				SDKROOT = appletvos;
				TEST_HOST = "$(BUILT_PRODUCTS_DIR)/shpeucfapp-tvOS.app/shpeucfapp-tvOS";
				TVOS_DEPLOYMENT_TARGET = 10.1;
			};
			name = Debug;
		};
		2D02E49A1E0B4A5E006451C7 /* Release */ = {
			isa = XCBuildConfiguration;
			baseConfigurationReference = 9DABCA0A1F0E696F31BEB7D9 /* Pods-shpeucfapp-tvOSTests.release.xcconfig */;
			buildSettings = {
				BUNDLE_LOADER = "$(TEST_HOST)";
				CLANG_ANALYZER_NONNULL = YES;
				CLANG_WARN_DOCUMENTATION_COMMENTS = YES;
				CLANG_WARN_INFINITE_RECURSION = YES;
				CLANG_WARN_SUSPICIOUS_MOVE = YES;
				COPY_PHASE_STRIP = NO;
				DEBUG_INFORMATION_FORMAT = "dwarf-with-dsym";
				GCC_NO_COMMON_BLOCKS = YES;
				INFOPLIST_FILE = "shpeucfapp-tvOSTests/Info.plist";
				LD_RUNPATH_SEARCH_PATHS = "$(inherited) @executable_path/Frameworks @loader_path/Frameworks";
				OTHER_LDFLAGS = (
					"$(inherited)",
					"-ObjC",
					"-lc++",
				);
				PRODUCT_BUNDLE_IDENTIFIER = "org.reactjs.native.example.shpeucfapp-tvOSTests";
				PRODUCT_NAME = "$(TARGET_NAME)";
				SDKROOT = appletvos;
				TEST_HOST = "$(BUILT_PRODUCTS_DIR)/shpeucfapp-tvOS.app/shpeucfapp-tvOS";
				TVOS_DEPLOYMENT_TARGET = 10.1;
			};
			name = Release;
		};
		83CBBA201A601CBA00E9B192 /* Debug */ = {
			isa = XCBuildConfiguration;
			buildSettings = {
				ALWAYS_SEARCH_USER_PATHS = NO;
				CLANG_ANALYZER_LOCALIZABILITY_NONLOCALIZED = YES;
				CLANG_CXX_LANGUAGE_STANDARD = "gnu++0x";
				CLANG_CXX_LIBRARY = "libc++";
				CLANG_ENABLE_MODULES = YES;
				CLANG_ENABLE_OBJC_ARC = YES;
				CLANG_WARN_BLOCK_CAPTURE_AUTORELEASING = YES;
				CLANG_WARN_BOOL_CONVERSION = YES;
				CLANG_WARN_COMMA = YES;
				CLANG_WARN_CONSTANT_CONVERSION = YES;
				CLANG_WARN_DEPRECATED_OBJC_IMPLEMENTATIONS = YES;
				CLANG_WARN_DIRECT_OBJC_ISA_USAGE = YES_ERROR;
				CLANG_WARN_EMPTY_BODY = YES;
				CLANG_WARN_ENUM_CONVERSION = YES;
				CLANG_WARN_INFINITE_RECURSION = YES;
				CLANG_WARN_INT_CONVERSION = YES;
				CLANG_WARN_NON_LITERAL_NULL_CONVERSION = YES;
				CLANG_WARN_OBJC_IMPLICIT_RETAIN_SELF = YES;
				CLANG_WARN_OBJC_LITERAL_CONVERSION = YES;
				CLANG_WARN_OBJC_ROOT_CLASS = YES_ERROR;
				CLANG_WARN_RANGE_LOOP_ANALYSIS = YES;
				CLANG_WARN_STRICT_PROTOTYPES = YES;
				CLANG_WARN_SUSPICIOUS_MOVE = YES;
				CLANG_WARN_UNREACHABLE_CODE = YES;
				CLANG_WARN__DUPLICATE_METHOD_MATCH = YES;
				"CODE_SIGN_IDENTITY[sdk=iphoneos*]" = "iPhone Developer";
				COPY_PHASE_STRIP = NO;
				ENABLE_STRICT_OBJC_MSGSEND = YES;
				ENABLE_TESTABILITY = YES;
				GCC_C_LANGUAGE_STANDARD = gnu99;
				GCC_DYNAMIC_NO_PIC = NO;
				GCC_NO_COMMON_BLOCKS = YES;
				GCC_OPTIMIZATION_LEVEL = 0;
				GCC_PREPROCESSOR_DEFINITIONS = (
					"DEBUG=1",
					"$(inherited)",
				);
				GCC_SYMBOLS_PRIVATE_EXTERN = NO;
				GCC_WARN_64_TO_32_BIT_CONVERSION = YES;
				GCC_WARN_ABOUT_RETURN_TYPE = YES_ERROR;
				GCC_WARN_UNDECLARED_SELECTOR = YES;
				GCC_WARN_UNINITIALIZED_AUTOS = YES_AGGRESSIVE;
				GCC_WARN_UNUSED_FUNCTION = YES;
				GCC_WARN_UNUSED_VARIABLE = YES;
				IPHONEOS_DEPLOYMENT_TARGET = 10.0;
				LD_RUNPATH_SEARCH_PATHS = "/usr/lib/swift $(inherited)";
				LIBRARY_SEARCH_PATHS = (
					"\"$(TOOLCHAIN_DIR)/usr/lib/swift/$(PLATFORM_NAME)\"",
					"\"$(TOOLCHAIN_DIR)/usr/lib/swift-5.0/$(PLATFORM_NAME)\"",
					"\"$(inherited)\"",
				);
				MTL_ENABLE_DEBUG_INFO = YES;
				ONLY_ACTIVE_ARCH = YES;
				SDKROOT = iphoneos;
			};
			name = Debug;
		};
		83CBBA211A601CBA00E9B192 /* Release */ = {
			isa = XCBuildConfiguration;
			buildSettings = {
				ALWAYS_SEARCH_USER_PATHS = NO;
				CLANG_ANALYZER_LOCALIZABILITY_NONLOCALIZED = YES;
				CLANG_CXX_LANGUAGE_STANDARD = "gnu++0x";
				CLANG_CXX_LIBRARY = "libc++";
				CLANG_ENABLE_MODULES = YES;
				CLANG_ENABLE_OBJC_ARC = YES;
				CLANG_WARN_BLOCK_CAPTURE_AUTORELEASING = YES;
				CLANG_WARN_BOOL_CONVERSION = YES;
				CLANG_WARN_COMMA = YES;
				CLANG_WARN_CONSTANT_CONVERSION = YES;
				CLANG_WARN_DEPRECATED_OBJC_IMPLEMENTATIONS = YES;
				CLANG_WARN_DIRECT_OBJC_ISA_USAGE = YES_ERROR;
				CLANG_WARN_EMPTY_BODY = YES;
				CLANG_WARN_ENUM_CONVERSION = YES;
				CLANG_WARN_INFINITE_RECURSION = YES;
				CLANG_WARN_INT_CONVERSION = YES;
				CLANG_WARN_NON_LITERAL_NULL_CONVERSION = YES;
				CLANG_WARN_OBJC_IMPLICIT_RETAIN_SELF = YES;
				CLANG_WARN_OBJC_LITERAL_CONVERSION = YES;
				CLANG_WARN_OBJC_ROOT_CLASS = YES_ERROR;
				CLANG_WARN_RANGE_LOOP_ANALYSIS = YES;
				CLANG_WARN_STRICT_PROTOTYPES = YES;
				CLANG_WARN_SUSPICIOUS_MOVE = YES;
				CLANG_WARN_UNREACHABLE_CODE = YES;
				CLANG_WARN__DUPLICATE_METHOD_MATCH = YES;
				"CODE_SIGN_IDENTITY[sdk=iphoneos*]" = "iPhone Developer";
				COPY_PHASE_STRIP = YES;
				ENABLE_NS_ASSERTIONS = NO;
				ENABLE_STRICT_OBJC_MSGSEND = YES;
				GCC_C_LANGUAGE_STANDARD = gnu99;
				GCC_NO_COMMON_BLOCKS = YES;
				GCC_WARN_64_TO_32_BIT_CONVERSION = YES;
				GCC_WARN_ABOUT_RETURN_TYPE = YES_ERROR;
				GCC_WARN_UNDECLARED_SELECTOR = YES;
				GCC_WARN_UNINITIALIZED_AUTOS = YES_AGGRESSIVE;
				GCC_WARN_UNUSED_FUNCTION = YES;
				GCC_WARN_UNUSED_VARIABLE = YES;
				IPHONEOS_DEPLOYMENT_TARGET = 10.0;
				LD_RUNPATH_SEARCH_PATHS = "/usr/lib/swift $(inherited)";
				LIBRARY_SEARCH_PATHS = (
					"\"$(TOOLCHAIN_DIR)/usr/lib/swift/$(PLATFORM_NAME)\"",
					"\"$(TOOLCHAIN_DIR)/usr/lib/swift-5.0/$(PLATFORM_NAME)\"",
					"\"$(inherited)\"",
				);
				MTL_ENABLE_DEBUG_INFO = NO;
				SDKROOT = iphoneos;
				VALIDATE_PRODUCT = YES;
			};
			name = Release;
		};
/* End XCBuildConfiguration section */

/* Begin XCConfigurationList section */
		00E357021AD99517003FC87E /* Build configuration list for PBXNativeTarget "shpeucfappTests" */ = {
			isa = XCConfigurationList;
			buildConfigurations = (
				00E356F61AD99517003FC87E /* Debug */,
				00E356F71AD99517003FC87E /* Release */,
			);
			defaultConfigurationIsVisible = 0;
			defaultConfigurationName = Release;
		};
		13B07F931A680F5B00A75B9A /* Build configuration list for PBXNativeTarget "shpeucfapp" */ = {
			isa = XCConfigurationList;
			buildConfigurations = (
				13B07F941A680F5B00A75B9A /* Debug */,
				13B07F951A680F5B00A75B9A /* Release */,
			);
			defaultConfigurationIsVisible = 0;
			defaultConfigurationName = Release;
		};
		2D02E4BA1E0B4A5E006451C7 /* Build configuration list for PBXNativeTarget "shpeucfapp-tvOS" */ = {
			isa = XCConfigurationList;
			buildConfigurations = (
				2D02E4971E0B4A5E006451C7 /* Debug */,
				2D02E4981E0B4A5E006451C7 /* Release */,
			);
			defaultConfigurationIsVisible = 0;
			defaultConfigurationName = Release;
		};
		2D02E4BB1E0B4A5E006451C7 /* Build configuration list for PBXNativeTarget "shpeucfapp-tvOSTests" */ = {
			isa = XCConfigurationList;
			buildConfigurations = (
				2D02E4991E0B4A5E006451C7 /* Debug */,
				2D02E49A1E0B4A5E006451C7 /* Release */,
			);
			defaultConfigurationIsVisible = 0;
			defaultConfigurationName = Release;
		};
		83CBB9FA1A601CBA00E9B192 /* Build configuration list for PBXProject "shpeucfapp" */ = {
			isa = XCConfigurationList;
			buildConfigurations = (
				83CBBA201A601CBA00E9B192 /* Debug */,
				83CBBA211A601CBA00E9B192 /* Release */,
			);
			defaultConfigurationIsVisible = 0;
			defaultConfigurationName = Release;
		};
/* End XCConfigurationList section */
	};
	rootObject = 83CBB9F71A601CBA00E9B192 /* Project object */;
}
